
Microsoft Visual Studio Solution File, Format Version 12.00
# Visual Studio Version 16
VisualStudioVersion = 16.6.30114.105
MinimumVisualStudioVersion = 10.0.40219.1
Project("{9A19103F-16F7-4668-BE54-9A1E7A4F7556}") = "R5T.D0084.A001", "R5T.D0084.A001\R5T.D0084.A001.csproj", "{AE03D2A2-1262-4B55-92DD-A8DD7C26D80B}"
EndProject
Project("{2150E333-8FDC-42A3-9474-1A3956D46DE8}") = "_Dependencies", "_Dependencies", "{EB48F6AA-FC3B-475A-BE7C-47119624E66D}"
EndProject
Project("{9A19103F-16F7-4668-BE54-9A1E7A4F7556}") = "R5T.Dacia.Extensions", "..\..\R5T.Dacia.Extensions\source\R5T.Dacia.Extensions\R5T.Dacia.Extensions.csproj", "{AC90367E-A199-4EFD-9C65-24A9C1563AC8}"
EndProject
Project("{9A19103F-16F7-4668-BE54-9A1E7A4F7556}") = "R5T.Dacia.T002", "..\..\R5T.Dacia\source\R5T.Dacia.T002\R5T.Dacia.T002.csproj", "{AE3D7B6F-35B1-4801-8C0C-F42E0E6A0339}"
EndProject
Project("{9A19103F-16F7-4668-BE54-9A1E7A4F7556}") = "R5T.D0084.D001.I002", "R5T.D0084.D001.I002\R5T.D0084.D001.I002.csproj", "{0B2EDB98-2684-4C65-9C42-E75E1B07B210}"
EndProject
Project("{9A19103F-16F7-4668-BE54-9A1E7A4F7556}") = "R5T.Dacia", "..\..\R5T.Dacia\source\R5T.Dacia\R5T.Dacia.csproj", "{29B4FD52-0459-4831-8652-F0E2C106A262}"
EndProject
Project("{9A19103F-16F7-4668-BE54-9A1E7A4F7556}") = "R5T.T0044.X001", "..\..\R5T.T0044\source\R5T.T0044.X001\R5T.T0044.X001.csproj", "{242DED0B-8F73-4C7A-8BFF-8CA9E31BC368}"
EndProject
Project("{9A19103F-16F7-4668-BE54-9A1E7A4F7556}") = "R5T.Magyar", "..\..\R5T.Magyar\source\R5T.Magyar\R5T.Magyar.csproj", "{339021CC-D3D4-40FE-81B5-58620C28E7CA}"
EndProject
Project("{9A19103F-16F7-4668-BE54-9A1E7A4F7556}") = "R5T.T0044", "..\..\R5T.T0044\source\R5T.T0044\R5T.T0044.csproj", "{EF8B7B93-DC77-454D-9A5C-F1A8877D0E8C}"
EndProject
Project("{9A19103F-16F7-4668-BE54-9A1E7A4F7556}") = "R5T.T0039.T002", "..\..\R5T.T0039\source\R5T.T0039.T002\R5T.T0039.T002.csproj", "{FBE20B71-662A-48B0-863F-295F7022ADCB}"
EndProject
Project("{9A19103F-16F7-4668-BE54-9A1E7A4F7556}") = "R5T.D0084.D001.Base", "R5T.D0084.D001.Base\R5T.D0084.D001.Base.csproj", "{4D6FD43E-C89A-469B-93DB-964C80507DDA}"
EndProject
Project("{9A19103F-16F7-4668-BE54-9A1E7A4F7556}") = "R5T.D0084.D002.Base", "R5T.D0084.D002.Base\R5T.D0084.D002.Base.csproj", "{F93714CD-BAD7-48AE-854B-D2C4569FFF54}"
EndProject
Project("{9A19103F-16F7-4668-BE54-9A1E7A4F7556}") = "R5T.D0084.D003.Base", "R5T.D0084.D003.Base\R5T.D0084.D003.Base.csproj", "{2223D9CA-42D3-4ED9-AD8E-F44F16540DEF}"
EndProject
Project("{9A19103F-16F7-4668-BE54-9A1E7A4F7556}") = "R5T.D0084.D002.I001", "R5T.D0084.D002.I001\R5T.D0084.D002.I001.csproj", "{5C207764-6244-40B1-8C54-24C54DB48A9E}"
EndProject
Project("{9A19103F-16F7-4668-BE54-9A1E7A4F7556}") = "R5T.D0084.D003.I001", "R5T.D0084.D003.I001\R5T.D0084.D003.I001.csproj", "{8CAF15B3-FCDE-4D1B-96C4-A4C3252D4AAA}"
EndProject
Project("{9A19103F-16F7-4668-BE54-9A1E7A4F7556}") = "R5T.D0084.D003.I002", "R5T.D0084.D003.I002\R5T.D0084.D003.I002.csproj", "{2EC42E47-2938-4F58-8475-E3167E365016}"
EndProject
Project("{FAE04EC0-301F-11D3-BF4B-00C04F79EFBC}") = "R5T.T0064", "..\..\R5T.T0064\source\R5T.T0064\R5T.T0064.csproj", "{7174E3E3-E250-458B-BACD-87F910C02770}"
EndProject
Global
	GlobalSection(SolutionConfigurationPlatforms) = preSolution
		Debug|Any CPU = Debug|Any CPU
		Debug|x64 = Debug|x64
		Debug|x86 = Debug|x86
		Release|Any CPU = Release|Any CPU
		Release|x64 = Release|x64
		Release|x86 = Release|x86
	EndGlobalSection
	GlobalSection(ProjectConfigurationPlatforms) = postSolution
		{AE03D2A2-1262-4B55-92DD-A8DD7C26D80B}.Debug|Any CPU.ActiveCfg = Debug|Any CPU
		{AE03D2A2-1262-4B55-92DD-A8DD7C26D80B}.Debug|Any CPU.Build.0 = Debug|Any CPU
		{AE03D2A2-1262-4B55-92DD-A8DD7C26D80B}.Debug|x64.ActiveCfg = Debug|Any CPU
		{AE03D2A2-1262-4B55-92DD-A8DD7C26D80B}.Debug|x64.Build.0 = Debug|Any CPU
		{AE03D2A2-1262-4B55-92DD-A8DD7C26D80B}.Debug|x86.ActiveCfg = Debug|Any CPU
		{AE03D2A2-1262-4B55-92DD-A8DD7C26D80B}.Debug|x86.Build.0 = Debug|Any CPU
		{AE03D2A2-1262-4B55-92DD-A8DD7C26D80B}.Release|Any CPU.ActiveCfg = Release|Any CPU
		{AE03D2A2-1262-4B55-92DD-A8DD7C26D80B}.Release|Any CPU.Build.0 = Release|Any CPU
		{AE03D2A2-1262-4B55-92DD-A8DD7C26D80B}.Release|x64.ActiveCfg = Release|Any CPU
		{AE03D2A2-1262-4B55-92DD-A8DD7C26D80B}.Release|x64.Build.0 = Release|Any CPU
		{AE03D2A2-1262-4B55-92DD-A8DD7C26D80B}.Release|x86.ActiveCfg = Release|Any CPU
		{AE03D2A2-1262-4B55-92DD-A8DD7C26D80B}.Release|x86.Build.0 = Release|Any CPU
		{AC90367E-A199-4EFD-9C65-24A9C1563AC8}.Debug|Any CPU.ActiveCfg = Debug|Any CPU
		{AC90367E-A199-4EFD-9C65-24A9C1563AC8}.Debug|Any CPU.Build.0 = Debug|Any CPU
		{AC90367E-A199-4EFD-9C65-24A9C1563AC8}.Debug|x64.ActiveCfg = Debug|Any CPU
		{AC90367E-A199-4EFD-9C65-24A9C1563AC8}.Debug|x64.Build.0 = Debug|Any CPU
		{AC90367E-A199-4EFD-9C65-24A9C1563AC8}.Debug|x86.ActiveCfg = Debug|Any CPU
		{AC90367E-A199-4EFD-9C65-24A9C1563AC8}.Debug|x86.Build.0 = Debug|Any CPU
		{AC90367E-A199-4EFD-9C65-24A9C1563AC8}.Release|Any CPU.ActiveCfg = Release|Any CPU
		{AC90367E-A199-4EFD-9C65-24A9C1563AC8}.Release|Any CPU.Build.0 = Release|Any CPU
		{AC90367E-A199-4EFD-9C65-24A9C1563AC8}.Release|x64.ActiveCfg = Release|Any CPU
		{AC90367E-A199-4EFD-9C65-24A9C1563AC8}.Release|x64.Build.0 = Release|Any CPU
		{AC90367E-A199-4EFD-9C65-24A9C1563AC8}.Release|x86.ActiveCfg = Release|Any CPU
		{AC90367E-A199-4EFD-9C65-24A9C1563AC8}.Release|x86.Build.0 = Release|Any CPU
		{AE3D7B6F-35B1-4801-8C0C-F42E0E6A0339}.Debug|Any CPU.ActiveCfg = Debug|Any CPU
		{AE3D7B6F-35B1-4801-8C0C-F42E0E6A0339}.Debug|Any CPU.Build.0 = Debug|Any CPU
		{AE3D7B6F-35B1-4801-8C0C-F42E0E6A0339}.Debug|x64.ActiveCfg = Debug|Any CPU
		{AE3D7B6F-35B1-4801-8C0C-F42E0E6A0339}.Debug|x64.Build.0 = Debug|Any CPU
		{AE3D7B6F-35B1-4801-8C0C-F42E0E6A0339}.Debug|x86.ActiveCfg = Debug|Any CPU
		{AE3D7B6F-35B1-4801-8C0C-F42E0E6A0339}.Debug|x86.Build.0 = Debug|Any CPU
		{AE3D7B6F-35B1-4801-8C0C-F42E0E6A0339}.Release|Any CPU.ActiveCfg = Release|Any CPU
		{AE3D7B6F-35B1-4801-8C0C-F42E0E6A0339}.Release|Any CPU.Build.0 = Release|Any CPU
		{AE3D7B6F-35B1-4801-8C0C-F42E0E6A0339}.Release|x64.ActiveCfg = Release|Any CPU
		{AE3D7B6F-35B1-4801-8C0C-F42E0E6A0339}.Release|x64.Build.0 = Release|Any CPU
		{AE3D7B6F-35B1-4801-8C0C-F42E0E6A0339}.Release|x86.ActiveCfg = Release|Any CPU
		{AE3D7B6F-35B1-4801-8C0C-F42E0E6A0339}.Release|x86.Build.0 = Release|Any CPU
		{0B2EDB98-2684-4C65-9C42-E75E1B07B210}.Debug|Any CPU.ActiveCfg = Debug|Any CPU
		{0B2EDB98-2684-4C65-9C42-E75E1B07B210}.Debug|Any CPU.Build.0 = Debug|Any CPU
		{0B2EDB98-2684-4C65-9C42-E75E1B07B210}.Debug|x64.ActiveCfg = Debug|Any CPU
		{0B2EDB98-2684-4C65-9C42-E75E1B07B210}.Debug|x64.Build.0 = Debug|Any CPU
		{0B2EDB98-2684-4C65-9C42-E75E1B07B210}.Debug|x86.ActiveCfg = Debug|Any CPU
		{0B2EDB98-2684-4C65-9C42-E75E1B07B210}.Debug|x86.Build.0 = Debug|Any CPU
		{0B2EDB98-2684-4C65-9C42-E75E1B07B210}.Release|Any CPU.ActiveCfg = Release|Any CPU
		{0B2EDB98-2684-4C65-9C42-E75E1B07B210}.Release|Any CPU.Build.0 = Release|Any CPU
		{0B2EDB98-2684-4C65-9C42-E75E1B07B210}.Release|x64.ActiveCfg = Release|Any CPU
		{0B2EDB98-2684-4C65-9C42-E75E1B07B210}.Release|x64.Build.0 = Release|Any CPU
		{0B2EDB98-2684-4C65-9C42-E75E1B07B210}.Release|x86.ActiveCfg = Release|Any CPU
		{0B2EDB98-2684-4C65-9C42-E75E1B07B210}.Release|x86.Build.0 = Release|Any CPU
		{29B4FD52-0459-4831-8652-F0E2C106A262}.Debug|Any CPU.ActiveCfg = Debug|Any CPU
		{29B4FD52-0459-4831-8652-F0E2C106A262}.Debug|Any CPU.Build.0 = Debug|Any CPU
		{29B4FD52-0459-4831-8652-F0E2C106A262}.Debug|x64.ActiveCfg = Debug|Any CPU
		{29B4FD52-0459-4831-8652-F0E2C106A262}.Debug|x64.Build.0 = Debug|Any CPU
		{29B4FD52-0459-4831-8652-F0E2C106A262}.Debug|x86.ActiveCfg = Debug|Any CPU
		{29B4FD52-0459-4831-8652-F0E2C106A262}.Debug|x86.Build.0 = Debug|Any CPU
		{29B4FD52-0459-4831-8652-F0E2C106A262}.Release|Any CPU.ActiveCfg = Release|Any CPU
		{29B4FD52-0459-4831-8652-F0E2C106A262}.Release|Any CPU.Build.0 = Release|Any CPU
		{29B4FD52-0459-4831-8652-F0E2C106A262}.Release|x64.ActiveCfg = Release|Any CPU
		{29B4FD52-0459-4831-8652-F0E2C106A262}.Release|x64.Build.0 = Release|Any CPU
		{29B4FD52-0459-4831-8652-F0E2C106A262}.Release|x86.ActiveCfg = Release|Any CPU
		{29B4FD52-0459-4831-8652-F0E2C106A262}.Release|x86.Build.0 = Release|Any CPU
		{242DED0B-8F73-4C7A-8BFF-8CA9E31BC368}.Debug|Any CPU.ActiveCfg = Debug|Any CPU
		{242DED0B-8F73-4C7A-8BFF-8CA9E31BC368}.Debug|Any CPU.Build.0 = Debug|Any CPU
		{242DED0B-8F73-4C7A-8BFF-8CA9E31BC368}.Debug|x64.ActiveCfg = Debug|Any CPU
		{242DED0B-8F73-4C7A-8BFF-8CA9E31BC368}.Debug|x64.Build.0 = Debug|Any CPU
		{242DED0B-8F73-4C7A-8BFF-8CA9E31BC368}.Debug|x86.ActiveCfg = Debug|Any CPU
		{242DED0B-8F73-4C7A-8BFF-8CA9E31BC368}.Debug|x86.Build.0 = Debug|Any CPU
		{242DED0B-8F73-4C7A-8BFF-8CA9E31BC368}.Release|Any CPU.ActiveCfg = Release|Any CPU
		{242DED0B-8F73-4C7A-8BFF-8CA9E31BC368}.Release|Any CPU.Build.0 = Release|Any CPU
		{242DED0B-8F73-4C7A-8BFF-8CA9E31BC368}.Release|x64.ActiveCfg = Release|Any CPU
		{242DED0B-8F73-4C7A-8BFF-8CA9E31BC368}.Release|x64.Build.0 = Release|Any CPU
		{242DED0B-8F73-4C7A-8BFF-8CA9E31BC368}.Release|x86.ActiveCfg = Release|Any CPU
		{242DED0B-8F73-4C7A-8BFF-8CA9E31BC368}.Release|x86.Build.0 = Release|Any CPU
		{339021CC-D3D4-40FE-81B5-58620C28E7CA}.Debug|Any CPU.ActiveCfg = Debug|Any CPU
		{339021CC-D3D4-40FE-81B5-58620C28E7CA}.Debug|Any CPU.Build.0 = Debug|Any CPU
		{339021CC-D3D4-40FE-81B5-58620C28E7CA}.Debug|x64.ActiveCfg = Debug|Any CPU
		{339021CC-D3D4-40FE-81B5-58620C28E7CA}.Debug|x64.Build.0 = Debug|Any CPU
		{339021CC-D3D4-40FE-81B5-58620C28E7CA}.Debug|x86.ActiveCfg = Debug|Any CPU
		{339021CC-D3D4-40FE-81B5-58620C28E7CA}.Debug|x86.Build.0 = Debug|Any CPU
		{339021CC-D3D4-40FE-81B5-58620C28E7CA}.Release|Any CPU.ActiveCfg = Release|Any CPU
		{339021CC-D3D4-40FE-81B5-58620C28E7CA}.Release|Any CPU.Build.0 = Release|Any CPU
		{339021CC-D3D4-40FE-81B5-58620C28E7CA}.Release|x64.ActiveCfg = Release|Any CPU
		{339021CC-D3D4-40FE-81B5-58620C28E7CA}.Release|x64.Build.0 = Release|Any CPU
		{339021CC-D3D4-40FE-81B5-58620C28E7CA}.Release|x86.ActiveCfg = Release|Any CPU
		{339021CC-D3D4-40FE-81B5-58620C28E7CA}.Release|x86.Build.0 = Release|Any CPU
		{EF8B7B93-DC77-454D-9A5C-F1A8877D0E8C}.Debug|Any CPU.ActiveCfg = Debug|Any CPU
		{EF8B7B93-DC77-454D-9A5C-F1A8877D0E8C}.Debug|Any CPU.Build.0 = Debug|Any CPU
		{EF8B7B93-DC77-454D-9A5C-F1A8877D0E8C}.Debug|x64.ActiveCfg = Debug|Any CPU
		{EF8B7B93-DC77-454D-9A5C-F1A8877D0E8C}.Debug|x64.Build.0 = Debug|Any CPU
		{EF8B7B93-DC77-454D-9A5C-F1A8877D0E8C}.Debug|x86.ActiveCfg = Debug|Any CPU
		{EF8B7B93-DC77-454D-9A5C-F1A8877D0E8C}.Debug|x86.Build.0 = Debug|Any CPU
		{EF8B7B93-DC77-454D-9A5C-F1A8877D0E8C}.Release|Any CPU.ActiveCfg = Release|Any CPU
		{EF8B7B93-DC77-454D-9A5C-F1A8877D0E8C}.Release|Any CPU.Build.0 = Release|Any CPU
		{EF8B7B93-DC77-454D-9A5C-F1A8877D0E8C}.Release|x64.ActiveCfg = Release|Any CPU
		{EF8B7B93-DC77-454D-9A5C-F1A8877D0E8C}.Release|x64.Build.0 = Release|Any CPU
		{EF8B7B93-DC77-454D-9A5C-F1A8877D0E8C}.Release|x86.ActiveCfg = Release|Any CPU
		{EF8B7B93-DC77-454D-9A5C-F1A8877D0E8C}.Release|x86.Build.0 = Release|Any CPU
		{FBE20B71-662A-48B0-863F-295F7022ADCB}.Debug|Any CPU.ActiveCfg = Debug|Any CPU
		{FBE20B71-662A-48B0-863F-295F7022ADCB}.Debug|Any CPU.Build.0 = Debug|Any CPU
		{FBE20B71-662A-48B0-863F-295F7022ADCB}.Debug|x64.ActiveCfg = Debug|Any CPU
		{FBE20B71-662A-48B0-863F-295F7022ADCB}.Debug|x64.Build.0 = Debug|Any CPU
		{FBE20B71-662A-48B0-863F-295F7022ADCB}.Debug|x86.ActiveCfg = Debug|Any CPU
		{FBE20B71-662A-48B0-863F-295F7022ADCB}.Debug|x86.Build.0 = Debug|Any CPU
		{FBE20B71-662A-48B0-863F-295F7022ADCB}.Release|Any CPU.ActiveCfg = Release|Any CPU
		{FBE20B71-662A-48B0-863F-295F7022ADCB}.Release|Any CPU.Build.0 = Release|Any CPU
		{FBE20B71-662A-48B0-863F-295F7022ADCB}.Release|x64.ActiveCfg = Release|Any CPU
		{FBE20B71-662A-48B0-863F-295F7022ADCB}.Release|x64.Build.0 = Release|Any CPU
		{FBE20B71-662A-48B0-863F-295F7022ADCB}.Release|x86.ActiveCfg = Release|Any CPU
		{FBE20B71-662A-48B0-863F-295F7022ADCB}.Release|x86.Build.0 = Release|Any CPU
		{4D6FD43E-C89A-469B-93DB-964C80507DDA}.Debug|Any CPU.ActiveCfg = Debug|Any CPU
		{4D6FD43E-C89A-469B-93DB-964C80507DDA}.Debug|Any CPU.Build.0 = Debug|Any CPU
		{4D6FD43E-C89A-469B-93DB-964C80507DDA}.Debug|x64.ActiveCfg = Debug|Any CPU
		{4D6FD43E-C89A-469B-93DB-964C80507DDA}.Debug|x64.Build.0 = Debug|Any CPU
		{4D6FD43E-C89A-469B-93DB-964C80507DDA}.Debug|x86.ActiveCfg = Debug|Any CPU
		{4D6FD43E-C89A-469B-93DB-964C80507DDA}.Debug|x86.Build.0 = Debug|Any CPU
		{4D6FD43E-C89A-469B-93DB-964C80507DDA}.Release|Any CPU.ActiveCfg = Release|Any CPU
		{4D6FD43E-C89A-469B-93DB-964C80507DDA}.Release|Any CPU.Build.0 = Release|Any CPU
		{4D6FD43E-C89A-469B-93DB-964C80507DDA}.Release|x64.ActiveCfg = Release|Any CPU
		{4D6FD43E-C89A-469B-93DB-964C80507DDA}.Release|x64.Build.0 = Release|Any CPU
		{4D6FD43E-C89A-469B-93DB-964C80507DDA}.Release|x86.ActiveCfg = Release|Any CPU
		{4D6FD43E-C89A-469B-93DB-964C80507DDA}.Release|x86.Build.0 = Release|Any CPU
		{F93714CD-BAD7-48AE-854B-D2C4569FFF54}.Debug|Any CPU.ActiveCfg = Debug|Any CPU
		{F93714CD-BAD7-48AE-854B-D2C4569FFF54}.Debug|Any CPU.Build.0 = Debug|Any CPU
		{F93714CD-BAD7-48AE-854B-D2C4569FFF54}.Debug|x64.ActiveCfg = Debug|Any CPU
		{F93714CD-BAD7-48AE-854B-D2C4569FFF54}.Debug|x64.Build.0 = Debug|Any CPU
		{F93714CD-BAD7-48AE-854B-D2C4569FFF54}.Debug|x86.ActiveCfg = Debug|Any CPU
		{F93714CD-BAD7-48AE-854B-D2C4569FFF54}.Debug|x86.Build.0 = Debug|Any CPU
		{F93714CD-BAD7-48AE-854B-D2C4569FFF54}.Release|Any CPU.ActiveCfg = Release|Any CPU
		{F93714CD-BAD7-48AE-854B-D2C4569FFF54}.Release|Any CPU.Build.0 = Release|Any CPU
		{F93714CD-BAD7-48AE-854B-D2C4569FFF54}.Release|x64.ActiveCfg = Release|Any CPU
		{F93714CD-BAD7-48AE-854B-D2C4569FFF54}.Release|x64.Build.0 = Release|Any CPU
		{F93714CD-BAD7-48AE-854B-D2C4569FFF54}.Release|x86.ActiveCfg = Release|Any CPU
		{F93714CD-BAD7-48AE-854B-D2C4569FFF54}.Release|x86.Build.0 = Release|Any CPU
		{2223D9CA-42D3-4ED9-AD8E-F44F16540DEF}.Debug|Any CPU.ActiveCfg = Debug|Any CPU
		{2223D9CA-42D3-4ED9-AD8E-F44F16540DEF}.Debug|Any CPU.Build.0 = Debug|Any CPU
		{2223D9CA-42D3-4ED9-AD8E-F44F16540DEF}.Debug|x64.ActiveCfg = Debug|Any CPU
		{2223D9CA-42D3-4ED9-AD8E-F44F16540DEF}.Debug|x64.Build.0 = Debug|Any CPU
		{2223D9CA-42D3-4ED9-AD8E-F44F16540DEF}.Debug|x86.ActiveCfg = Debug|Any CPU
		{2223D9CA-42D3-4ED9-AD8E-F44F16540DEF}.Debug|x86.Build.0 = Debug|Any CPU
		{2223D9CA-42D3-4ED9-AD8E-F44F16540DEF}.Release|Any CPU.ActiveCfg = Release|Any CPU
		{2223D9CA-42D3-4ED9-AD8E-F44F16540DEF}.Release|Any CPU.Build.0 = Release|Any CPU
		{2223D9CA-42D3-4ED9-AD8E-F44F16540DEF}.Release|x64.ActiveCfg = Release|Any CPU
		{2223D9CA-42D3-4ED9-AD8E-F44F16540DEF}.Release|x64.Build.0 = Release|Any CPU
		{2223D9CA-42D3-4ED9-AD8E-F44F16540DEF}.Release|x86.ActiveCfg = Release|Any CPU
		{2223D9CA-42D3-4ED9-AD8E-F44F16540DEF}.Release|x86.Build.0 = Release|Any CPU
		{5C207764-6244-40B1-8C54-24C54DB48A9E}.Debug|Any CPU.ActiveCfg = Debug|Any CPU
		{5C207764-6244-40B1-8C54-24C54DB48A9E}.Debug|Any CPU.Build.0 = Debug|Any CPU
		{5C207764-6244-40B1-8C54-24C54DB48A9E}.Debug|x64.ActiveCfg = Debug|Any CPU
		{5C207764-6244-40B1-8C54-24C54DB48A9E}.Debug|x64.Build.0 = Debug|Any CPU
		{5C207764-6244-40B1-8C54-24C54DB48A9E}.Debug|x86.ActiveCfg = Debug|Any CPU
		{5C207764-6244-40B1-8C54-24C54DB48A9E}.Debug|x86.Build.0 = Debug|Any CPU
		{5C207764-6244-40B1-8C54-24C54DB48A9E}.Release|Any CPU.ActiveCfg = Release|Any CPU
		{5C207764-6244-40B1-8C54-24C54DB48A9E}.Release|Any CPU.Build.0 = Release|Any CPU
		{5C207764-6244-40B1-8C54-24C54DB48A9E}.Release|x64.ActiveCfg = Release|Any CPU
		{5C207764-6244-40B1-8C54-24C54DB48A9E}.Release|x64.Build.0 = Release|Any CPU
		{5C207764-6244-40B1-8C54-24C54DB48A9E}.Release|x86.ActiveCfg = Release|Any CPU
		{5C207764-6244-40B1-8C54-24C54DB48A9E}.Release|x86.Build.0 = Release|Any CPU
		{8CAF15B3-FCDE-4D1B-96C4-A4C3252D4AAA}.Debug|Any CPU.ActiveCfg = Debug|Any CPU
		{8CAF15B3-FCDE-4D1B-96C4-A4C3252D4AAA}.Debug|Any CPU.Build.0 = Debug|Any CPU
		{8CAF15B3-FCDE-4D1B-96C4-A4C3252D4AAA}.Debug|x64.ActiveCfg = Debug|Any CPU
		{8CAF15B3-FCDE-4D1B-96C4-A4C3252D4AAA}.Debug|x64.Build.0 = Debug|Any CPU
		{8CAF15B3-FCDE-4D1B-96C4-A4C3252D4AAA}.Debug|x86.ActiveCfg = Debug|Any CPU
		{8CAF15B3-FCDE-4D1B-96C4-A4C3252D4AAA}.Debug|x86.Build.0 = Debug|Any CPU
		{8CAF15B3-FCDE-4D1B-96C4-A4C3252D4AAA}.Release|Any CPU.ActiveCfg = Release|Any CPU
		{8CAF15B3-FCDE-4D1B-96C4-A4C3252D4AAA}.Release|Any CPU.Build.0 = Release|Any CPU
		{8CAF15B3-FCDE-4D1B-96C4-A4C3252D4AAA}.Release|x64.ActiveCfg = Release|Any CPU
		{8CAF15B3-FCDE-4D1B-96C4-A4C3252D4AAA}.Release|x64.Build.0 = Release|Any CPU
		{8CAF15B3-FCDE-4D1B-96C4-A4C3252D4AAA}.Release|x86.ActiveCfg = Release|Any CPU
		{8CAF15B3-FCDE-4D1B-96C4-A4C3252D4AAA}.Release|x86.Build.0 = Release|Any CPU
		{2EC42E47-2938-4F58-8475-E3167E365016}.Debug|Any CPU.ActiveCfg = Debug|Any CPU
		{2EC42E47-2938-4F58-8475-E3167E365016}.Debug|Any CPU.Build.0 = Debug|Any CPU
		{2EC42E47-2938-4F58-8475-E3167E365016}.Debug|x64.ActiveCfg = Debug|Any CPU
		{2EC42E47-2938-4F58-8475-E3167E365016}.Debug|x64.Build.0 = Debug|Any CPU
		{2EC42E47-2938-4F58-8475-E3167E365016}.Debug|x86.ActiveCfg = Debug|Any CPU
		{2EC42E47-2938-4F58-8475-E3167E365016}.Debug|x86.Build.0 = Debug|Any CPU
		{2EC42E47-2938-4F58-8475-E3167E365016}.Release|Any CPU.ActiveCfg = Release|Any CPU
		{2EC42E47-2938-4F58-8475-E3167E365016}.Release|Any CPU.Build.0 = Release|Any CPU
		{2EC42E47-2938-4F58-8475-E3167E365016}.Release|x64.ActiveCfg = Release|Any CPU
		{2EC42E47-2938-4F58-8475-E3167E365016}.Release|x64.Build.0 = Release|Any CPU
		{2EC42E47-2938-4F58-8475-E3167E365016}.Release|x86.ActiveCfg = Release|Any CPU
		{2EC42E47-2938-4F58-8475-E3167E365016}.Release|x86.Build.0 = Release|Any CPU
		{7174E3E3-E250-458B-BACD-87F910C02770}.Debug|Any CPU.ActiveCfg = Debug|Any CPU
		{7174E3E3-E250-458B-BACD-87F910C02770}.Debug|Any CPU.Build.0 = Debug|Any CPU
		{7174E3E3-E250-458B-BACD-87F910C02770}.Debug|x64.ActiveCfg = Debug|Any CPU
		{7174E3E3-E250-458B-BACD-87F910C02770}.Debug|x64.Build.0 = Debug|Any CPU
		{7174E3E3-E250-458B-BACD-87F910C02770}.Debug|x86.ActiveCfg = Debug|Any CPU
		{7174E3E3-E250-458B-BACD-87F910C02770}.Debug|x86.Build.0 = Debug|Any CPU
		{7174E3E3-E250-458B-BACD-87F910C02770}.Release|Any CPU.ActiveCfg = Release|Any CPU
		{7174E3E3-E250-458B-BACD-87F910C02770}.Release|Any CPU.Build.0 = Release|Any CPU
		{7174E3E3-E250-458B-BACD-87F910C02770}.Release|x64.ActiveCfg = Release|Any CPU
		{7174E3E3-E250-458B-BACD-87F910C02770}.Release|x64.Build.0 = Release|Any CPU
		{7174E3E3-E250-458B-BACD-87F910C02770}.Release|x86.ActiveCfg = Release|Any CPU
		{7174E3E3-E250-458B-BACD-87F910C02770}.Release|x86.Build.0 = Release|Any CPU
	EndGlobalSection
	GlobalSection(SolutionProperties) = preSolution
		HideSolutionNode = FALSE
	EndGlobalSection
	GlobalSection(NestedProjects) = preSolution
		{AC90367E-A199-4EFD-9C65-24A9C1563AC8} = {EB48F6AA-FC3B-475A-BE7C-47119624E66D}
		{AE3D7B6F-35B1-4801-8C0C-F42E0E6A0339} = {EB48F6AA-FC3B-475A-BE7C-47119624E66D}
		{29B4FD52-0459-4831-8652-F0E2C106A262} = {EB48F6AA-FC3B-475A-BE7C-47119624E66D}
		{242DED0B-8F73-4C7A-8BFF-8CA9E31BC368} = {EB48F6AA-FC3B-475A-BE7C-47119624E66D}
		{339021CC-D3D4-40FE-81B5-58620C28E7CA} = {EB48F6AA-FC3B-475A-BE7C-47119624E66D}
		{EF8B7B93-DC77-454D-9A5C-F1A8877D0E8C} = {EB48F6AA-FC3B-475A-BE7C-47119624E66D}
		{FBE20B71-662A-48B0-863F-295F7022ADCB} = {EB48F6AA-FC3B-475A-BE7C-47119624E66D}
		{7174E3E3-E250-458B-BACD-87F910C02770} = {EB48F6AA-FC3B-475A-BE7C-47119624E66D}
	EndGlobalSection
	GlobalSection(ExtensibilityGlobals) = postSolution
		SolutionGuid = {E184DA88-3EC3-473F-9BBE-565EFE92D299}
	EndGlobalSection
EndGlobal
