
Microsoft Visual Studio Solution File, Format Version 12.00
# Visual Studio Version 16
VisualStudioVersion = 16.6.30114.105
MinimumVisualStudioVersion = 10.0.40219.1
Project("{9A19103F-16F7-4668-BE54-9A1E7A4F7556}") = "R5T.D0084.Base", "R5T.D0084.Base\R5T.D0084.Base.csproj", "{1441E958-BE9A-48BD-A6F4-0564D1CFB5C2}"
EndProject
Project("{2150E333-8FDC-42A3-9474-1A3956D46DE8}") = "_Dependencies", "_Dependencies", "{1C921075-A34A-4D4E-A64C-855103B55A38}"
EndProject
Project("{9A19103F-16F7-4668-BE54-9A1E7A4F7556}") = "R5T.Dacia.T002", "..\..\R5T.Dacia\source\R5T.Dacia.T002\R5T.Dacia.T002.csproj", "{D03CBDAC-0CA2-46C6-B35C-80EA06967594}"
EndProject
Project("{9A19103F-16F7-4668-BE54-9A1E7A4F7556}") = "R5T.D0084.I001", "R5T.D0084.I001\R5T.D0084.I001.csproj", "{50722677-8780-4CE4-851E-149414707F52}"
EndProject
Project("{9A19103F-16F7-4668-BE54-9A1E7A4F7556}") = "R5T.Dacia.Extensions", "..\..\R5T.Dacia.Extensions\source\R5T.Dacia.Extensions\R5T.Dacia.Extensions.csproj", "{3F9CCBDB-0CA8-4D27-BDFD-E8EB06F76380}"
EndProject
Project("{9A19103F-16F7-4668-BE54-9A1E7A4F7556}") = "R5T.Dacia", "..\..\R5T.Dacia\source\R5T.Dacia\R5T.Dacia.csproj", "{F16D2378-E0C5-4E95-80E2-CF57F7A2956D}"
EndProject
Project("{9A19103F-16F7-4668-BE54-9A1E7A4F7556}") = "R5T.T0044.X001", "..\..\R5T.T0044\source\R5T.T0044.X001\R5T.T0044.X001.csproj", "{1DB5C5C7-3D7C-45FF-A5DD-5F0FAACF6707}"
EndProject
Project("{9A19103F-16F7-4668-BE54-9A1E7A4F7556}") = "R5T.Magyar", "..\..\R5T.Magyar\source\R5T.Magyar\R5T.Magyar.csproj", "{35AACB95-7002-405B-B66D-65BDC4C737A6}"
EndProject
Project("{9A19103F-16F7-4668-BE54-9A1E7A4F7556}") = "R5T.D0084.D001.Base", "R5T.D0084.D001.Base\R5T.D0084.D001.Base.csproj", "{0DF3AB23-341C-4271-9074-868E1D5A2DF1}"
EndProject
Project("{9A19103F-16F7-4668-BE54-9A1E7A4F7556}") = "R5T.D0084.D002.Base", "R5T.D0084.D002.Base\R5T.D0084.D002.Base.csproj", "{96CB4CF3-2EDD-48D2-A479-F4627D07AA42}"
EndProject
Project("{9A19103F-16F7-4668-BE54-9A1E7A4F7556}") = "R5T.D0084.D003.Base", "R5T.D0084.D003.Base\R5T.D0084.D003.Base.csproj", "{4A8832CC-D41D-446E-95C4-0841CC8B97AE}"
EndProject
Project("{9A19103F-16F7-4668-BE54-9A1E7A4F7556}") = "R5T.D0084.D002.I001", "R5T.D0084.D002.I001\R5T.D0084.D002.I001.csproj", "{F78A2FDC-7023-4D5D-9E87-B88738D8AC19}"
EndProject
Project("{9A19103F-16F7-4668-BE54-9A1E7A4F7556}") = "R5T.D0084.D003.I001", "R5T.D0084.D003.I001\R5T.D0084.D003.I001.csproj", "{D4E5A9C8-BB1A-4355-82D6-3CCEF3AEDA26}"
EndProject
Project("{9A19103F-16F7-4668-BE54-9A1E7A4F7556}") = "R5T.T0032.X0001.X002", "..\..\R5T.T0032.X0001\source\R5T.T0032.X0001.X002\R5T.T0032.X0001.X002.csproj", "{D7871FEF-2BF9-495C-A0D7-28D713DA2A44}"
EndProject
Project("{9A19103F-16F7-4668-BE54-9A1E7A4F7556}") = "R5T.D0084.D003.I002", "R5T.D0084.D003.I002\R5T.D0084.D003.I002.csproj", "{4F6A74F7-9A4F-4169-8CF9-4BD8C7186FA0}"
EndProject
Project("{9A19103F-16F7-4668-BE54-9A1E7A4F7556}") = "R5T.T0041.X002", "..\..\R5T.T0041\source\R5T.T0041.X002\R5T.T0041.X002.csproj", "{E29AD034-9A35-4F25-BE8F-FC8A821FD3FC}"
EndProject
Project("{9A19103F-16F7-4668-BE54-9A1E7A4F7556}") = "R5T.D0084.D001.I002", "R5T.D0084.D001.I002\R5T.D0084.D001.I002.csproj", "{26EBE649-B7F7-4A98-8DE4-835E082BAB3C}"
EndProject
Project("{9A19103F-16F7-4668-BE54-9A1E7A4F7556}") = "R5T.T0044", "..\..\R5T.T0044\source\R5T.T0044\R5T.T0044.csproj", "{3077669C-DEC7-4994-966E-5C0750490DC1}"
EndProject
Project("{9A19103F-16F7-4668-BE54-9A1E7A4F7556}") = "R5T.T0039.T002", "..\..\R5T.T0039\source\R5T.T0039.T002\R5T.T0039.T002.csproj", "{A5379EB4-CDE9-4D8F-9B72-2EE8A032FC94}"
EndProject
Project("{9A19103F-16F7-4668-BE54-9A1E7A4F7556}") = "R5T.T0062.X001", "..\..\R5T.T0062\source\R5T.T0062.X001\R5T.T0062.X001.csproj", "{069A7CE8-FC52-4FD3-8D8E-953A8D0A7710}"
EndProject
Project("{9A19103F-16F7-4668-BE54-9A1E7A4F7556}") = "R5T.T0063", "..\..\R5T.T0063\source\R5T.T0063\R5T.T0063.csproj", "{33EC5F9F-6563-4C8C-8219-30892A4846EF}"
EndProject
Project("{9A19103F-16F7-4668-BE54-9A1E7A4F7556}") = "R5T.L0013", "..\..\R5T.L0013\source\R5T.L0013\R5T.L0013.csproj", "{1035DA51-5FB4-44A3-8446-D717B620698D}"
EndProject
Project("{9A19103F-16F7-4668-BE54-9A1E7A4F7556}") = "R5T.T0062", "..\..\R5T.T0062\source\R5T.T0062\R5T.T0062.csproj", "{B2E7D760-A6D1-4713-A696-D8BD9D1601F1}"
EndProject
Project("{9A19103F-16F7-4668-BE54-9A1E7A4F7556}") = "R5T.T0032", "..\..\R5T.T0032\source\R5T.T0032\R5T.T0032.csproj", "{6CE50BCC-832C-4AE8-BB44-EE1DC36D1990}"
EndProject
Project("{9A19103F-16F7-4668-BE54-9A1E7A4F7556}") = "R5T.Magyar.T002.X000", "..\..\R5T.Magyar\source\R5T.Magyar.T002.X000\R5T.Magyar.T002.X000.csproj", "{10A40BD6-3F34-47FC-90DB-C15C138436DC}"
EndProject
Project("{9A19103F-16F7-4668-BE54-9A1E7A4F7556}") = "R5T.Magyar.T002", "..\..\R5T.Magyar\source\R5T.Magyar.T002\R5T.Magyar.T002.csproj", "{EA8025A8-B6D2-4054-A090-3F1E6D855946}"
EndProject
Project("{9A19103F-16F7-4668-BE54-9A1E7A4F7556}") = "R5T.T0021.X003", "..\..\R5T.T0021\source\R5T.T0021.X003\R5T.T0021.X003.csproj", "{969024B3-1FDF-4093-8361-D3FD501DE0D0}"
EndProject
Project("{9A19103F-16F7-4668-BE54-9A1E7A4F7556}") = "R5T.T0021", "..\..\R5T.T0021\source\R5T.T0021\R5T.T0021.csproj", "{B3B4A51A-6CD1-42B4-B907-AA39E881F5B0}"
EndProject
Project("{9A19103F-16F7-4668-BE54-9A1E7A4F7556}") = "R5T.T0042.X001", "..\..\R5T.T0042\source\R5T.T0042.X001\R5T.T0042.X001.csproj", "{DCCD9975-CDD0-44C1-8AA7-CE114821C3C9}"
EndProject
Project("{9A19103F-16F7-4668-BE54-9A1E7A4F7556}") = "R5T.T0042", "..\..\R5T.T0042\source\R5T.T0042\R5T.T0042.csproj", "{D0537665-D7C0-4C47-81CB-9DC20DABEA87}"
EndProject
Project("{9A19103F-16F7-4668-BE54-9A1E7A4F7556}") = "R5T.T0041.X001", "..\..\R5T.T0041\source\R5T.T0041.X001\R5T.T0041.X001.csproj", "{421FEEE6-C6C0-46CE-BA1B-735F9D03598A}"
EndProject
Project("{9A19103F-16F7-4668-BE54-9A1E7A4F7556}") = "R5T.T0041", "..\..\R5T.T0041\source\R5T.T0041\R5T.T0041.csproj", "{48C762FC-3266-4A5B-A56D-0E7F629D0F10}"
EndProject
Project("{9A19103F-16F7-4668-BE54-9A1E7A4F7556}") = "R5T.T0064", "..\..\R5T.T0064\source\R5T.T0064\R5T.T0064.csproj", "{59B273AB-9944-4E42-A448-200D13611EA3}"
EndProject
Project("{9A19103F-16F7-4668-BE54-9A1E7A4F7556}") = "R5T.D0084.A001", "R5T.D0084.A001\R5T.D0084.A001.csproj", "{E1D5B584-4C58-4C65-84FB-7DEEC5A6B07C}"
EndProject
Project("{FAE04EC0-301F-11D3-BF4B-00C04F79EFBC}") = "R5T.D0084.Construction", "R5T.D0084.Construction\R5T.D0084.Construction.csproj", "{075334FD-EBCC-4890-A21F-A5BC53DCBCA9}"
EndProject
Global
	GlobalSection(SolutionConfigurationPlatforms) = preSolution
		Debug|Any CPU = Debug|Any CPU
		Debug|x64 = Debug|x64
		Debug|x86 = Debug|x86
		Release|Any CPU = Release|Any CPU
		Release|x64 = Release|x64
		Release|x86 = Release|x86
	EndGlobalSection
	GlobalSection(ProjectConfigurationPlatforms) = postSolution
		{1441E958-BE9A-48BD-A6F4-0564D1CFB5C2}.Debug|Any CPU.ActiveCfg = Debug|Any CPU
		{1441E958-BE9A-48BD-A6F4-0564D1CFB5C2}.Debug|Any CPU.Build.0 = Debug|Any CPU
		{1441E958-BE9A-48BD-A6F4-0564D1CFB5C2}.Debug|x64.ActiveCfg = Debug|Any CPU
		{1441E958-BE9A-48BD-A6F4-0564D1CFB5C2}.Debug|x64.Build.0 = Debug|Any CPU
		{1441E958-BE9A-48BD-A6F4-0564D1CFB5C2}.Debug|x86.ActiveCfg = Debug|Any CPU
		{1441E958-BE9A-48BD-A6F4-0564D1CFB5C2}.Debug|x86.Build.0 = Debug|Any CPU
		{1441E958-BE9A-48BD-A6F4-0564D1CFB5C2}.Release|Any CPU.ActiveCfg = Release|Any CPU
		{1441E958-BE9A-48BD-A6F4-0564D1CFB5C2}.Release|Any CPU.Build.0 = Release|Any CPU
		{1441E958-BE9A-48BD-A6F4-0564D1CFB5C2}.Release|x64.ActiveCfg = Release|Any CPU
		{1441E958-BE9A-48BD-A6F4-0564D1CFB5C2}.Release|x64.Build.0 = Release|Any CPU
		{1441E958-BE9A-48BD-A6F4-0564D1CFB5C2}.Release|x86.ActiveCfg = Release|Any CPU
		{1441E958-BE9A-48BD-A6F4-0564D1CFB5C2}.Release|x86.Build.0 = Release|Any CPU
		{D03CBDAC-0CA2-46C6-B35C-80EA06967594}.Debug|Any CPU.ActiveCfg = Debug|Any CPU
		{D03CBDAC-0CA2-46C6-B35C-80EA06967594}.Debug|Any CPU.Build.0 = Debug|Any CPU
		{D03CBDAC-0CA2-46C6-B35C-80EA06967594}.Debug|x64.ActiveCfg = Debug|Any CPU
		{D03CBDAC-0CA2-46C6-B35C-80EA06967594}.Debug|x64.Build.0 = Debug|Any CPU
		{D03CBDAC-0CA2-46C6-B35C-80EA06967594}.Debug|x86.ActiveCfg = Debug|Any CPU
		{D03CBDAC-0CA2-46C6-B35C-80EA06967594}.Debug|x86.Build.0 = Debug|Any CPU
		{D03CBDAC-0CA2-46C6-B35C-80EA06967594}.Release|Any CPU.ActiveCfg = Release|Any CPU
		{D03CBDAC-0CA2-46C6-B35C-80EA06967594}.Release|Any CPU.Build.0 = Release|Any CPU
		{D03CBDAC-0CA2-46C6-B35C-80EA06967594}.Release|x64.ActiveCfg = Release|Any CPU
		{D03CBDAC-0CA2-46C6-B35C-80EA06967594}.Release|x64.Build.0 = Release|Any CPU
		{D03CBDAC-0CA2-46C6-B35C-80EA06967594}.Release|x86.ActiveCfg = Release|Any CPU
		{D03CBDAC-0CA2-46C6-B35C-80EA06967594}.Release|x86.Build.0 = Release|Any CPU
		{50722677-8780-4CE4-851E-149414707F52}.Debug|Any CPU.ActiveCfg = Debug|Any CPU
		{50722677-8780-4CE4-851E-149414707F52}.Debug|Any CPU.Build.0 = Debug|Any CPU
		{50722677-8780-4CE4-851E-149414707F52}.Debug|x64.ActiveCfg = Debug|Any CPU
		{50722677-8780-4CE4-851E-149414707F52}.Debug|x64.Build.0 = Debug|Any CPU
		{50722677-8780-4CE4-851E-149414707F52}.Debug|x86.ActiveCfg = Debug|Any CPU
		{50722677-8780-4CE4-851E-149414707F52}.Debug|x86.Build.0 = Debug|Any CPU
		{50722677-8780-4CE4-851E-149414707F52}.Release|Any CPU.ActiveCfg = Release|Any CPU
		{50722677-8780-4CE4-851E-149414707F52}.Release|Any CPU.Build.0 = Release|Any CPU
		{50722677-8780-4CE4-851E-149414707F52}.Release|x64.ActiveCfg = Release|Any CPU
		{50722677-8780-4CE4-851E-149414707F52}.Release|x64.Build.0 = Release|Any CPU
		{50722677-8780-4CE4-851E-149414707F52}.Release|x86.ActiveCfg = Release|Any CPU
		{50722677-8780-4CE4-851E-149414707F52}.Release|x86.Build.0 = Release|Any CPU
		{3F9CCBDB-0CA8-4D27-BDFD-E8EB06F76380}.Debug|Any CPU.ActiveCfg = Debug|Any CPU
		{3F9CCBDB-0CA8-4D27-BDFD-E8EB06F76380}.Debug|Any CPU.Build.0 = Debug|Any CPU
		{3F9CCBDB-0CA8-4D27-BDFD-E8EB06F76380}.Debug|x64.ActiveCfg = Debug|Any CPU
		{3F9CCBDB-0CA8-4D27-BDFD-E8EB06F76380}.Debug|x64.Build.0 = Debug|Any CPU
		{3F9CCBDB-0CA8-4D27-BDFD-E8EB06F76380}.Debug|x86.ActiveCfg = Debug|Any CPU
		{3F9CCBDB-0CA8-4D27-BDFD-E8EB06F76380}.Debug|x86.Build.0 = Debug|Any CPU
		{3F9CCBDB-0CA8-4D27-BDFD-E8EB06F76380}.Release|Any CPU.ActiveCfg = Release|Any CPU
		{3F9CCBDB-0CA8-4D27-BDFD-E8EB06F76380}.Release|Any CPU.Build.0 = Release|Any CPU
		{3F9CCBDB-0CA8-4D27-BDFD-E8EB06F76380}.Release|x64.ActiveCfg = Release|Any CPU
		{3F9CCBDB-0CA8-4D27-BDFD-E8EB06F76380}.Release|x64.Build.0 = Release|Any CPU
		{3F9CCBDB-0CA8-4D27-BDFD-E8EB06F76380}.Release|x86.ActiveCfg = Release|Any CPU
		{3F9CCBDB-0CA8-4D27-BDFD-E8EB06F76380}.Release|x86.Build.0 = Release|Any CPU
		{F16D2378-E0C5-4E95-80E2-CF57F7A2956D}.Debug|Any CPU.ActiveCfg = Debug|Any CPU
		{F16D2378-E0C5-4E95-80E2-CF57F7A2956D}.Debug|Any CPU.Build.0 = Debug|Any CPU
		{F16D2378-E0C5-4E95-80E2-CF57F7A2956D}.Debug|x64.ActiveCfg = Debug|Any CPU
		{F16D2378-E0C5-4E95-80E2-CF57F7A2956D}.Debug|x64.Build.0 = Debug|Any CPU
		{F16D2378-E0C5-4E95-80E2-CF57F7A2956D}.Debug|x86.ActiveCfg = Debug|Any CPU
		{F16D2378-E0C5-4E95-80E2-CF57F7A2956D}.Debug|x86.Build.0 = Debug|Any CPU
		{F16D2378-E0C5-4E95-80E2-CF57F7A2956D}.Release|Any CPU.ActiveCfg = Release|Any CPU
		{F16D2378-E0C5-4E95-80E2-CF57F7A2956D}.Release|Any CPU.Build.0 = Release|Any CPU
		{F16D2378-E0C5-4E95-80E2-CF57F7A2956D}.Release|x64.ActiveCfg = Release|Any CPU
		{F16D2378-E0C5-4E95-80E2-CF57F7A2956D}.Release|x64.Build.0 = Release|Any CPU
		{F16D2378-E0C5-4E95-80E2-CF57F7A2956D}.Release|x86.ActiveCfg = Release|Any CPU
		{F16D2378-E0C5-4E95-80E2-CF57F7A2956D}.Release|x86.Build.0 = Release|Any CPU
		{1DB5C5C7-3D7C-45FF-A5DD-5F0FAACF6707}.Debug|Any CPU.ActiveCfg = Debug|Any CPU
		{1DB5C5C7-3D7C-45FF-A5DD-5F0FAACF6707}.Debug|Any CPU.Build.0 = Debug|Any CPU
		{1DB5C5C7-3D7C-45FF-A5DD-5F0FAACF6707}.Debug|x64.ActiveCfg = Debug|Any CPU
		{1DB5C5C7-3D7C-45FF-A5DD-5F0FAACF6707}.Debug|x64.Build.0 = Debug|Any CPU
		{1DB5C5C7-3D7C-45FF-A5DD-5F0FAACF6707}.Debug|x86.ActiveCfg = Debug|Any CPU
		{1DB5C5C7-3D7C-45FF-A5DD-5F0FAACF6707}.Debug|x86.Build.0 = Debug|Any CPU
		{1DB5C5C7-3D7C-45FF-A5DD-5F0FAACF6707}.Release|Any CPU.ActiveCfg = Release|Any CPU
		{1DB5C5C7-3D7C-45FF-A5DD-5F0FAACF6707}.Release|Any CPU.Build.0 = Release|Any CPU
		{1DB5C5C7-3D7C-45FF-A5DD-5F0FAACF6707}.Release|x64.ActiveCfg = Release|Any CPU
		{1DB5C5C7-3D7C-45FF-A5DD-5F0FAACF6707}.Release|x64.Build.0 = Release|Any CPU
		{1DB5C5C7-3D7C-45FF-A5DD-5F0FAACF6707}.Release|x86.ActiveCfg = Release|Any CPU
		{1DB5C5C7-3D7C-45FF-A5DD-5F0FAACF6707}.Release|x86.Build.0 = Release|Any CPU
		{35AACB95-7002-405B-B66D-65BDC4C737A6}.Debug|Any CPU.ActiveCfg = Debug|Any CPU
		{35AACB95-7002-405B-B66D-65BDC4C737A6}.Debug|Any CPU.Build.0 = Debug|Any CPU
		{35AACB95-7002-405B-B66D-65BDC4C737A6}.Debug|x64.ActiveCfg = Debug|Any CPU
		{35AACB95-7002-405B-B66D-65BDC4C737A6}.Debug|x64.Build.0 = Debug|Any CPU
		{35AACB95-7002-405B-B66D-65BDC4C737A6}.Debug|x86.ActiveCfg = Debug|Any CPU
		{35AACB95-7002-405B-B66D-65BDC4C737A6}.Debug|x86.Build.0 = Debug|Any CPU
		{35AACB95-7002-405B-B66D-65BDC4C737A6}.Release|Any CPU.ActiveCfg = Release|Any CPU
		{35AACB95-7002-405B-B66D-65BDC4C737A6}.Release|Any CPU.Build.0 = Release|Any CPU
		{35AACB95-7002-405B-B66D-65BDC4C737A6}.Release|x64.ActiveCfg = Release|Any CPU
		{35AACB95-7002-405B-B66D-65BDC4C737A6}.Release|x64.Build.0 = Release|Any CPU
		{35AACB95-7002-405B-B66D-65BDC4C737A6}.Release|x86.ActiveCfg = Release|Any CPU
		{35AACB95-7002-405B-B66D-65BDC4C737A6}.Release|x86.Build.0 = Release|Any CPU
		{0DF3AB23-341C-4271-9074-868E1D5A2DF1}.Debug|Any CPU.ActiveCfg = Debug|Any CPU
		{0DF3AB23-341C-4271-9074-868E1D5A2DF1}.Debug|Any CPU.Build.0 = Debug|Any CPU
		{0DF3AB23-341C-4271-9074-868E1D5A2DF1}.Debug|x64.ActiveCfg = Debug|Any CPU
		{0DF3AB23-341C-4271-9074-868E1D5A2DF1}.Debug|x64.Build.0 = Debug|Any CPU
		{0DF3AB23-341C-4271-9074-868E1D5A2DF1}.Debug|x86.ActiveCfg = Debug|Any CPU
		{0DF3AB23-341C-4271-9074-868E1D5A2DF1}.Debug|x86.Build.0 = Debug|Any CPU
		{0DF3AB23-341C-4271-9074-868E1D5A2DF1}.Release|Any CPU.ActiveCfg = Release|Any CPU
		{0DF3AB23-341C-4271-9074-868E1D5A2DF1}.Release|Any CPU.Build.0 = Release|Any CPU
		{0DF3AB23-341C-4271-9074-868E1D5A2DF1}.Release|x64.ActiveCfg = Release|Any CPU
		{0DF3AB23-341C-4271-9074-868E1D5A2DF1}.Release|x64.Build.0 = Release|Any CPU
		{0DF3AB23-341C-4271-9074-868E1D5A2DF1}.Release|x86.ActiveCfg = Release|Any CPU
		{0DF3AB23-341C-4271-9074-868E1D5A2DF1}.Release|x86.Build.0 = Release|Any CPU
		{96CB4CF3-2EDD-48D2-A479-F4627D07AA42}.Debug|Any CPU.ActiveCfg = Debug|Any CPU
		{96CB4CF3-2EDD-48D2-A479-F4627D07AA42}.Debug|Any CPU.Build.0 = Debug|Any CPU
		{96CB4CF3-2EDD-48D2-A479-F4627D07AA42}.Debug|x64.ActiveCfg = Debug|Any CPU
		{96CB4CF3-2EDD-48D2-A479-F4627D07AA42}.Debug|x64.Build.0 = Debug|Any CPU
		{96CB4CF3-2EDD-48D2-A479-F4627D07AA42}.Debug|x86.ActiveCfg = Debug|Any CPU
		{96CB4CF3-2EDD-48D2-A479-F4627D07AA42}.Debug|x86.Build.0 = Debug|Any CPU
		{96CB4CF3-2EDD-48D2-A479-F4627D07AA42}.Release|Any CPU.ActiveCfg = Release|Any CPU
		{96CB4CF3-2EDD-48D2-A479-F4627D07AA42}.Release|Any CPU.Build.0 = Release|Any CPU
		{96CB4CF3-2EDD-48D2-A479-F4627D07AA42}.Release|x64.ActiveCfg = Release|Any CPU
		{96CB4CF3-2EDD-48D2-A479-F4627D07AA42}.Release|x64.Build.0 = Release|Any CPU
		{96CB4CF3-2EDD-48D2-A479-F4627D07AA42}.Release|x86.ActiveCfg = Release|Any CPU
		{96CB4CF3-2EDD-48D2-A479-F4627D07AA42}.Release|x86.Build.0 = Release|Any CPU
		{4A8832CC-D41D-446E-95C4-0841CC8B97AE}.Debug|Any CPU.ActiveCfg = Debug|Any CPU
		{4A8832CC-D41D-446E-95C4-0841CC8B97AE}.Debug|Any CPU.Build.0 = Debug|Any CPU
		{4A8832CC-D41D-446E-95C4-0841CC8B97AE}.Debug|x64.ActiveCfg = Debug|Any CPU
		{4A8832CC-D41D-446E-95C4-0841CC8B97AE}.Debug|x64.Build.0 = Debug|Any CPU
		{4A8832CC-D41D-446E-95C4-0841CC8B97AE}.Debug|x86.ActiveCfg = Debug|Any CPU
		{4A8832CC-D41D-446E-95C4-0841CC8B97AE}.Debug|x86.Build.0 = Debug|Any CPU
		{4A8832CC-D41D-446E-95C4-0841CC8B97AE}.Release|Any CPU.ActiveCfg = Release|Any CPU
		{4A8832CC-D41D-446E-95C4-0841CC8B97AE}.Release|Any CPU.Build.0 = Release|Any CPU
		{4A8832CC-D41D-446E-95C4-0841CC8B97AE}.Release|x64.ActiveCfg = Release|Any CPU
		{4A8832CC-D41D-446E-95C4-0841CC8B97AE}.Release|x64.Build.0 = Release|Any CPU
		{4A8832CC-D41D-446E-95C4-0841CC8B97AE}.Release|x86.ActiveCfg = Release|Any CPU
		{4A8832CC-D41D-446E-95C4-0841CC8B97AE}.Release|x86.Build.0 = Release|Any CPU
		{F78A2FDC-7023-4D5D-9E87-B88738D8AC19}.Debug|Any CPU.ActiveCfg = Debug|Any CPU
		{F78A2FDC-7023-4D5D-9E87-B88738D8AC19}.Debug|Any CPU.Build.0 = Debug|Any CPU
		{F78A2FDC-7023-4D5D-9E87-B88738D8AC19}.Debug|x64.ActiveCfg = Debug|Any CPU
		{F78A2FDC-7023-4D5D-9E87-B88738D8AC19}.Debug|x64.Build.0 = Debug|Any CPU
		{F78A2FDC-7023-4D5D-9E87-B88738D8AC19}.Debug|x86.ActiveCfg = Debug|Any CPU
		{F78A2FDC-7023-4D5D-9E87-B88738D8AC19}.Debug|x86.Build.0 = Debug|Any CPU
		{F78A2FDC-7023-4D5D-9E87-B88738D8AC19}.Release|Any CPU.ActiveCfg = Release|Any CPU
		{F78A2FDC-7023-4D5D-9E87-B88738D8AC19}.Release|Any CPU.Build.0 = Release|Any CPU
		{F78A2FDC-7023-4D5D-9E87-B88738D8AC19}.Release|x64.ActiveCfg = Release|Any CPU
		{F78A2FDC-7023-4D5D-9E87-B88738D8AC19}.Release|x64.Build.0 = Release|Any CPU
		{F78A2FDC-7023-4D5D-9E87-B88738D8AC19}.Release|x86.ActiveCfg = Release|Any CPU
		{F78A2FDC-7023-4D5D-9E87-B88738D8AC19}.Release|x86.Build.0 = Release|Any CPU
		{D4E5A9C8-BB1A-4355-82D6-3CCEF3AEDA26}.Debug|Any CPU.ActiveCfg = Debug|Any CPU
		{D4E5A9C8-BB1A-4355-82D6-3CCEF3AEDA26}.Debug|Any CPU.Build.0 = Debug|Any CPU
		{D4E5A9C8-BB1A-4355-82D6-3CCEF3AEDA26}.Debug|x64.ActiveCfg = Debug|Any CPU
		{D4E5A9C8-BB1A-4355-82D6-3CCEF3AEDA26}.Debug|x64.Build.0 = Debug|Any CPU
		{D4E5A9C8-BB1A-4355-82D6-3CCEF3AEDA26}.Debug|x86.ActiveCfg = Debug|Any CPU
		{D4E5A9C8-BB1A-4355-82D6-3CCEF3AEDA26}.Debug|x86.Build.0 = Debug|Any CPU
		{D4E5A9C8-BB1A-4355-82D6-3CCEF3AEDA26}.Release|Any CPU.ActiveCfg = Release|Any CPU
		{D4E5A9C8-BB1A-4355-82D6-3CCEF3AEDA26}.Release|Any CPU.Build.0 = Release|Any CPU
		{D4E5A9C8-BB1A-4355-82D6-3CCEF3AEDA26}.Release|x64.ActiveCfg = Release|Any CPU
		{D4E5A9C8-BB1A-4355-82D6-3CCEF3AEDA26}.Release|x64.Build.0 = Release|Any CPU
		{D4E5A9C8-BB1A-4355-82D6-3CCEF3AEDA26}.Release|x86.ActiveCfg = Release|Any CPU
		{D4E5A9C8-BB1A-4355-82D6-3CCEF3AEDA26}.Release|x86.Build.0 = Release|Any CPU
		{D7871FEF-2BF9-495C-A0D7-28D713DA2A44}.Debug|Any CPU.ActiveCfg = Debug|Any CPU
		{D7871FEF-2BF9-495C-A0D7-28D713DA2A44}.Debug|Any CPU.Build.0 = Debug|Any CPU
		{D7871FEF-2BF9-495C-A0D7-28D713DA2A44}.Debug|x64.ActiveCfg = Debug|Any CPU
		{D7871FEF-2BF9-495C-A0D7-28D713DA2A44}.Debug|x64.Build.0 = Debug|Any CPU
		{D7871FEF-2BF9-495C-A0D7-28D713DA2A44}.Debug|x86.ActiveCfg = Debug|Any CPU
		{D7871FEF-2BF9-495C-A0D7-28D713DA2A44}.Debug|x86.Build.0 = Debug|Any CPU
		{D7871FEF-2BF9-495C-A0D7-28D713DA2A44}.Release|Any CPU.ActiveCfg = Release|Any CPU
		{D7871FEF-2BF9-495C-A0D7-28D713DA2A44}.Release|Any CPU.Build.0 = Release|Any CPU
		{D7871FEF-2BF9-495C-A0D7-28D713DA2A44}.Release|x64.ActiveCfg = Release|Any CPU
		{D7871FEF-2BF9-495C-A0D7-28D713DA2A44}.Release|x64.Build.0 = Release|Any CPU
		{D7871FEF-2BF9-495C-A0D7-28D713DA2A44}.Release|x86.ActiveCfg = Release|Any CPU
		{D7871FEF-2BF9-495C-A0D7-28D713DA2A44}.Release|x86.Build.0 = Release|Any CPU
		{4F6A74F7-9A4F-4169-8CF9-4BD8C7186FA0}.Debug|Any CPU.ActiveCfg = Debug|Any CPU
		{4F6A74F7-9A4F-4169-8CF9-4BD8C7186FA0}.Debug|Any CPU.Build.0 = Debug|Any CPU
		{4F6A74F7-9A4F-4169-8CF9-4BD8C7186FA0}.Debug|x64.ActiveCfg = Debug|Any CPU
		{4F6A74F7-9A4F-4169-8CF9-4BD8C7186FA0}.Debug|x64.Build.0 = Debug|Any CPU
		{4F6A74F7-9A4F-4169-8CF9-4BD8C7186FA0}.Debug|x86.ActiveCfg = Debug|Any CPU
		{4F6A74F7-9A4F-4169-8CF9-4BD8C7186FA0}.Debug|x86.Build.0 = Debug|Any CPU
		{4F6A74F7-9A4F-4169-8CF9-4BD8C7186FA0}.Release|Any CPU.ActiveCfg = Release|Any CPU
		{4F6A74F7-9A4F-4169-8CF9-4BD8C7186FA0}.Release|Any CPU.Build.0 = Release|Any CPU
		{4F6A74F7-9A4F-4169-8CF9-4BD8C7186FA0}.Release|x64.ActiveCfg = Release|Any CPU
		{4F6A74F7-9A4F-4169-8CF9-4BD8C7186FA0}.Release|x64.Build.0 = Release|Any CPU
		{4F6A74F7-9A4F-4169-8CF9-4BD8C7186FA0}.Release|x86.ActiveCfg = Release|Any CPU
		{4F6A74F7-9A4F-4169-8CF9-4BD8C7186FA0}.Release|x86.Build.0 = Release|Any CPU
		{E29AD034-9A35-4F25-BE8F-FC8A821FD3FC}.Debug|Any CPU.ActiveCfg = Debug|Any CPU
		{E29AD034-9A35-4F25-BE8F-FC8A821FD3FC}.Debug|Any CPU.Build.0 = Debug|Any CPU
		{E29AD034-9A35-4F25-BE8F-FC8A821FD3FC}.Debug|x64.ActiveCfg = Debug|Any CPU
		{E29AD034-9A35-4F25-BE8F-FC8A821FD3FC}.Debug|x64.Build.0 = Debug|Any CPU
		{E29AD034-9A35-4F25-BE8F-FC8A821FD3FC}.Debug|x86.ActiveCfg = Debug|Any CPU
		{E29AD034-9A35-4F25-BE8F-FC8A821FD3FC}.Debug|x86.Build.0 = Debug|Any CPU
		{E29AD034-9A35-4F25-BE8F-FC8A821FD3FC}.Release|Any CPU.ActiveCfg = Release|Any CPU
		{E29AD034-9A35-4F25-BE8F-FC8A821FD3FC}.Release|Any CPU.Build.0 = Release|Any CPU
		{E29AD034-9A35-4F25-BE8F-FC8A821FD3FC}.Release|x64.ActiveCfg = Release|Any CPU
		{E29AD034-9A35-4F25-BE8F-FC8A821FD3FC}.Release|x64.Build.0 = Release|Any CPU
		{E29AD034-9A35-4F25-BE8F-FC8A821FD3FC}.Release|x86.ActiveCfg = Release|Any CPU
		{E29AD034-9A35-4F25-BE8F-FC8A821FD3FC}.Release|x86.Build.0 = Release|Any CPU
		{26EBE649-B7F7-4A98-8DE4-835E082BAB3C}.Debug|Any CPU.ActiveCfg = Debug|Any CPU
		{26EBE649-B7F7-4A98-8DE4-835E082BAB3C}.Debug|Any CPU.Build.0 = Debug|Any CPU
		{26EBE649-B7F7-4A98-8DE4-835E082BAB3C}.Debug|x64.ActiveCfg = Debug|Any CPU
		{26EBE649-B7F7-4A98-8DE4-835E082BAB3C}.Debug|x64.Build.0 = Debug|Any CPU
		{26EBE649-B7F7-4A98-8DE4-835E082BAB3C}.Debug|x86.ActiveCfg = Debug|Any CPU
		{26EBE649-B7F7-4A98-8DE4-835E082BAB3C}.Debug|x86.Build.0 = Debug|Any CPU
		{26EBE649-B7F7-4A98-8DE4-835E082BAB3C}.Release|Any CPU.ActiveCfg = Release|Any CPU
		{26EBE649-B7F7-4A98-8DE4-835E082BAB3C}.Release|Any CPU.Build.0 = Release|Any CPU
		{26EBE649-B7F7-4A98-8DE4-835E082BAB3C}.Release|x64.ActiveCfg = Release|Any CPU
		{26EBE649-B7F7-4A98-8DE4-835E082BAB3C}.Release|x64.Build.0 = Release|Any CPU
		{26EBE649-B7F7-4A98-8DE4-835E082BAB3C}.Release|x86.ActiveCfg = Release|Any CPU
		{26EBE649-B7F7-4A98-8DE4-835E082BAB3C}.Release|x86.Build.0 = Release|Any CPU
		{3077669C-DEC7-4994-966E-5C0750490DC1}.Debug|Any CPU.ActiveCfg = Debug|Any CPU
		{3077669C-DEC7-4994-966E-5C0750490DC1}.Debug|Any CPU.Build.0 = Debug|Any CPU
		{3077669C-DEC7-4994-966E-5C0750490DC1}.Debug|x64.ActiveCfg = Debug|Any CPU
		{3077669C-DEC7-4994-966E-5C0750490DC1}.Debug|x64.Build.0 = Debug|Any CPU
		{3077669C-DEC7-4994-966E-5C0750490DC1}.Debug|x86.ActiveCfg = Debug|Any CPU
		{3077669C-DEC7-4994-966E-5C0750490DC1}.Debug|x86.Build.0 = Debug|Any CPU
		{3077669C-DEC7-4994-966E-5C0750490DC1}.Release|Any CPU.ActiveCfg = Release|Any CPU
		{3077669C-DEC7-4994-966E-5C0750490DC1}.Release|Any CPU.Build.0 = Release|Any CPU
		{3077669C-DEC7-4994-966E-5C0750490DC1}.Release|x64.ActiveCfg = Release|Any CPU
		{3077669C-DEC7-4994-966E-5C0750490DC1}.Release|x64.Build.0 = Release|Any CPU
		{3077669C-DEC7-4994-966E-5C0750490DC1}.Release|x86.ActiveCfg = Release|Any CPU
		{3077669C-DEC7-4994-966E-5C0750490DC1}.Release|x86.Build.0 = Release|Any CPU
		{A5379EB4-CDE9-4D8F-9B72-2EE8A032FC94}.Debug|Any CPU.ActiveCfg = Debug|Any CPU
		{A5379EB4-CDE9-4D8F-9B72-2EE8A032FC94}.Debug|Any CPU.Build.0 = Debug|Any CPU
		{A5379EB4-CDE9-4D8F-9B72-2EE8A032FC94}.Debug|x64.ActiveCfg = Debug|Any CPU
		{A5379EB4-CDE9-4D8F-9B72-2EE8A032FC94}.Debug|x64.Build.0 = Debug|Any CPU
		{A5379EB4-CDE9-4D8F-9B72-2EE8A032FC94}.Debug|x86.ActiveCfg = Debug|Any CPU
		{A5379EB4-CDE9-4D8F-9B72-2EE8A032FC94}.Debug|x86.Build.0 = Debug|Any CPU
		{A5379EB4-CDE9-4D8F-9B72-2EE8A032FC94}.Release|Any CPU.ActiveCfg = Release|Any CPU
		{A5379EB4-CDE9-4D8F-9B72-2EE8A032FC94}.Release|Any CPU.Build.0 = Release|Any CPU
		{A5379EB4-CDE9-4D8F-9B72-2EE8A032FC94}.Release|x64.ActiveCfg = Release|Any CPU
		{A5379EB4-CDE9-4D8F-9B72-2EE8A032FC94}.Release|x64.Build.0 = Release|Any CPU
		{A5379EB4-CDE9-4D8F-9B72-2EE8A032FC94}.Release|x86.ActiveCfg = Release|Any CPU
		{A5379EB4-CDE9-4D8F-9B72-2EE8A032FC94}.Release|x86.Build.0 = Release|Any CPU
		{069A7CE8-FC52-4FD3-8D8E-953A8D0A7710}.Debug|Any CPU.ActiveCfg = Debug|Any CPU
		{069A7CE8-FC52-4FD3-8D8E-953A8D0A7710}.Debug|Any CPU.Build.0 = Debug|Any CPU
		{069A7CE8-FC52-4FD3-8D8E-953A8D0A7710}.Debug|x64.ActiveCfg = Debug|Any CPU
		{069A7CE8-FC52-4FD3-8D8E-953A8D0A7710}.Debug|x64.Build.0 = Debug|Any CPU
		{069A7CE8-FC52-4FD3-8D8E-953A8D0A7710}.Debug|x86.ActiveCfg = Debug|Any CPU
		{069A7CE8-FC52-4FD3-8D8E-953A8D0A7710}.Debug|x86.Build.0 = Debug|Any CPU
		{069A7CE8-FC52-4FD3-8D8E-953A8D0A7710}.Release|Any CPU.ActiveCfg = Release|Any CPU
		{069A7CE8-FC52-4FD3-8D8E-953A8D0A7710}.Release|Any CPU.Build.0 = Release|Any CPU
		{069A7CE8-FC52-4FD3-8D8E-953A8D0A7710}.Release|x64.ActiveCfg = Release|Any CPU
		{069A7CE8-FC52-4FD3-8D8E-953A8D0A7710}.Release|x64.Build.0 = Release|Any CPU
		{069A7CE8-FC52-4FD3-8D8E-953A8D0A7710}.Release|x86.ActiveCfg = Release|Any CPU
		{069A7CE8-FC52-4FD3-8D8E-953A8D0A7710}.Release|x86.Build.0 = Release|Any CPU
		{33EC5F9F-6563-4C8C-8219-30892A4846EF}.Debug|Any CPU.ActiveCfg = Debug|Any CPU
		{33EC5F9F-6563-4C8C-8219-30892A4846EF}.Debug|Any CPU.Build.0 = Debug|Any CPU
		{33EC5F9F-6563-4C8C-8219-30892A4846EF}.Debug|x64.ActiveCfg = Debug|Any CPU
		{33EC5F9F-6563-4C8C-8219-30892A4846EF}.Debug|x64.Build.0 = Debug|Any CPU
		{33EC5F9F-6563-4C8C-8219-30892A4846EF}.Debug|x86.ActiveCfg = Debug|Any CPU
		{33EC5F9F-6563-4C8C-8219-30892A4846EF}.Debug|x86.Build.0 = Debug|Any CPU
		{33EC5F9F-6563-4C8C-8219-30892A4846EF}.Release|Any CPU.ActiveCfg = Release|Any CPU
		{33EC5F9F-6563-4C8C-8219-30892A4846EF}.Release|Any CPU.Build.0 = Release|Any CPU
		{33EC5F9F-6563-4C8C-8219-30892A4846EF}.Release|x64.ActiveCfg = Release|Any CPU
		{33EC5F9F-6563-4C8C-8219-30892A4846EF}.Release|x64.Build.0 = Release|Any CPU
		{33EC5F9F-6563-4C8C-8219-30892A4846EF}.Release|x86.ActiveCfg = Release|Any CPU
		{33EC5F9F-6563-4C8C-8219-30892A4846EF}.Release|x86.Build.0 = Release|Any CPU
		{1035DA51-5FB4-44A3-8446-D717B620698D}.Debug|Any CPU.ActiveCfg = Debug|Any CPU
		{1035DA51-5FB4-44A3-8446-D717B620698D}.Debug|Any CPU.Build.0 = Debug|Any CPU
		{1035DA51-5FB4-44A3-8446-D717B620698D}.Debug|x64.ActiveCfg = Debug|Any CPU
		{1035DA51-5FB4-44A3-8446-D717B620698D}.Debug|x64.Build.0 = Debug|Any CPU
		{1035DA51-5FB4-44A3-8446-D717B620698D}.Debug|x86.ActiveCfg = Debug|Any CPU
		{1035DA51-5FB4-44A3-8446-D717B620698D}.Debug|x86.Build.0 = Debug|Any CPU
		{1035DA51-5FB4-44A3-8446-D717B620698D}.Release|Any CPU.ActiveCfg = Release|Any CPU
		{1035DA51-5FB4-44A3-8446-D717B620698D}.Release|Any CPU.Build.0 = Release|Any CPU
		{1035DA51-5FB4-44A3-8446-D717B620698D}.Release|x64.ActiveCfg = Release|Any CPU
		{1035DA51-5FB4-44A3-8446-D717B620698D}.Release|x64.Build.0 = Release|Any CPU
		{1035DA51-5FB4-44A3-8446-D717B620698D}.Release|x86.ActiveCfg = Release|Any CPU
		{1035DA51-5FB4-44A3-8446-D717B620698D}.Release|x86.Build.0 = Release|Any CPU
		{B2E7D760-A6D1-4713-A696-D8BD9D1601F1}.Debug|Any CPU.ActiveCfg = Debug|Any CPU
		{B2E7D760-A6D1-4713-A696-D8BD9D1601F1}.Debug|Any CPU.Build.0 = Debug|Any CPU
		{B2E7D760-A6D1-4713-A696-D8BD9D1601F1}.Debug|x64.ActiveCfg = Debug|Any CPU
		{B2E7D760-A6D1-4713-A696-D8BD9D1601F1}.Debug|x64.Build.0 = Debug|Any CPU
		{B2E7D760-A6D1-4713-A696-D8BD9D1601F1}.Debug|x86.ActiveCfg = Debug|Any CPU
		{B2E7D760-A6D1-4713-A696-D8BD9D1601F1}.Debug|x86.Build.0 = Debug|Any CPU
		{B2E7D760-A6D1-4713-A696-D8BD9D1601F1}.Release|Any CPU.ActiveCfg = Release|Any CPU
		{B2E7D760-A6D1-4713-A696-D8BD9D1601F1}.Release|Any CPU.Build.0 = Release|Any CPU
		{B2E7D760-A6D1-4713-A696-D8BD9D1601F1}.Release|x64.ActiveCfg = Release|Any CPU
		{B2E7D760-A6D1-4713-A696-D8BD9D1601F1}.Release|x64.Build.0 = Release|Any CPU
		{B2E7D760-A6D1-4713-A696-D8BD9D1601F1}.Release|x86.ActiveCfg = Release|Any CPU
		{B2E7D760-A6D1-4713-A696-D8BD9D1601F1}.Release|x86.Build.0 = Release|Any CPU
		{6CE50BCC-832C-4AE8-BB44-EE1DC36D1990}.Debug|Any CPU.ActiveCfg = Debug|Any CPU
		{6CE50BCC-832C-4AE8-BB44-EE1DC36D1990}.Debug|Any CPU.Build.0 = Debug|Any CPU
		{6CE50BCC-832C-4AE8-BB44-EE1DC36D1990}.Debug|x64.ActiveCfg = Debug|Any CPU
		{6CE50BCC-832C-4AE8-BB44-EE1DC36D1990}.Debug|x64.Build.0 = Debug|Any CPU
		{6CE50BCC-832C-4AE8-BB44-EE1DC36D1990}.Debug|x86.ActiveCfg = Debug|Any CPU
		{6CE50BCC-832C-4AE8-BB44-EE1DC36D1990}.Debug|x86.Build.0 = Debug|Any CPU
		{6CE50BCC-832C-4AE8-BB44-EE1DC36D1990}.Release|Any CPU.ActiveCfg = Release|Any CPU
		{6CE50BCC-832C-4AE8-BB44-EE1DC36D1990}.Release|Any CPU.Build.0 = Release|Any CPU
		{6CE50BCC-832C-4AE8-BB44-EE1DC36D1990}.Release|x64.ActiveCfg = Release|Any CPU
		{6CE50BCC-832C-4AE8-BB44-EE1DC36D1990}.Release|x64.Build.0 = Release|Any CPU
		{6CE50BCC-832C-4AE8-BB44-EE1DC36D1990}.Release|x86.ActiveCfg = Release|Any CPU
		{6CE50BCC-832C-4AE8-BB44-EE1DC36D1990}.Release|x86.Build.0 = Release|Any CPU
		{10A40BD6-3F34-47FC-90DB-C15C138436DC}.Debug|Any CPU.ActiveCfg = Debug|Any CPU
		{10A40BD6-3F34-47FC-90DB-C15C138436DC}.Debug|Any CPU.Build.0 = Debug|Any CPU
		{10A40BD6-3F34-47FC-90DB-C15C138436DC}.Debug|x64.ActiveCfg = Debug|Any CPU
		{10A40BD6-3F34-47FC-90DB-C15C138436DC}.Debug|x64.Build.0 = Debug|Any CPU
		{10A40BD6-3F34-47FC-90DB-C15C138436DC}.Debug|x86.ActiveCfg = Debug|Any CPU
		{10A40BD6-3F34-47FC-90DB-C15C138436DC}.Debug|x86.Build.0 = Debug|Any CPU
		{10A40BD6-3F34-47FC-90DB-C15C138436DC}.Release|Any CPU.ActiveCfg = Release|Any CPU
		{10A40BD6-3F34-47FC-90DB-C15C138436DC}.Release|Any CPU.Build.0 = Release|Any CPU
		{10A40BD6-3F34-47FC-90DB-C15C138436DC}.Release|x64.ActiveCfg = Release|Any CPU
		{10A40BD6-3F34-47FC-90DB-C15C138436DC}.Release|x64.Build.0 = Release|Any CPU
		{10A40BD6-3F34-47FC-90DB-C15C138436DC}.Release|x86.ActiveCfg = Release|Any CPU
		{10A40BD6-3F34-47FC-90DB-C15C138436DC}.Release|x86.Build.0 = Release|Any CPU
		{EA8025A8-B6D2-4054-A090-3F1E6D855946}.Debug|Any CPU.ActiveCfg = Debug|Any CPU
		{EA8025A8-B6D2-4054-A090-3F1E6D855946}.Debug|Any CPU.Build.0 = Debug|Any CPU
		{EA8025A8-B6D2-4054-A090-3F1E6D855946}.Debug|x64.ActiveCfg = Debug|Any CPU
		{EA8025A8-B6D2-4054-A090-3F1E6D855946}.Debug|x64.Build.0 = Debug|Any CPU
		{EA8025A8-B6D2-4054-A090-3F1E6D855946}.Debug|x86.ActiveCfg = Debug|Any CPU
		{EA8025A8-B6D2-4054-A090-3F1E6D855946}.Debug|x86.Build.0 = Debug|Any CPU
		{EA8025A8-B6D2-4054-A090-3F1E6D855946}.Release|Any CPU.ActiveCfg = Release|Any CPU
		{EA8025A8-B6D2-4054-A090-3F1E6D855946}.Release|Any CPU.Build.0 = Release|Any CPU
		{EA8025A8-B6D2-4054-A090-3F1E6D855946}.Release|x64.ActiveCfg = Release|Any CPU
		{EA8025A8-B6D2-4054-A090-3F1E6D855946}.Release|x64.Build.0 = Release|Any CPU
		{EA8025A8-B6D2-4054-A090-3F1E6D855946}.Release|x86.ActiveCfg = Release|Any CPU
		{EA8025A8-B6D2-4054-A090-3F1E6D855946}.Release|x86.Build.0 = Release|Any CPU
		{969024B3-1FDF-4093-8361-D3FD501DE0D0}.Debug|Any CPU.ActiveCfg = Debug|Any CPU
		{969024B3-1FDF-4093-8361-D3FD501DE0D0}.Debug|Any CPU.Build.0 = Debug|Any CPU
		{969024B3-1FDF-4093-8361-D3FD501DE0D0}.Debug|x64.ActiveCfg = Debug|Any CPU
		{969024B3-1FDF-4093-8361-D3FD501DE0D0}.Debug|x64.Build.0 = Debug|Any CPU
		{969024B3-1FDF-4093-8361-D3FD501DE0D0}.Debug|x86.ActiveCfg = Debug|Any CPU
		{969024B3-1FDF-4093-8361-D3FD501DE0D0}.Debug|x86.Build.0 = Debug|Any CPU
		{969024B3-1FDF-4093-8361-D3FD501DE0D0}.Release|Any CPU.ActiveCfg = Release|Any CPU
		{969024B3-1FDF-4093-8361-D3FD501DE0D0}.Release|Any CPU.Build.0 = Release|Any CPU
		{969024B3-1FDF-4093-8361-D3FD501DE0D0}.Release|x64.ActiveCfg = Release|Any CPU
		{969024B3-1FDF-4093-8361-D3FD501DE0D0}.Release|x64.Build.0 = Release|Any CPU
		{969024B3-1FDF-4093-8361-D3FD501DE0D0}.Release|x86.ActiveCfg = Release|Any CPU
		{969024B3-1FDF-4093-8361-D3FD501DE0D0}.Release|x86.Build.0 = Release|Any CPU
		{B3B4A51A-6CD1-42B4-B907-AA39E881F5B0}.Debug|Any CPU.ActiveCfg = Debug|Any CPU
		{B3B4A51A-6CD1-42B4-B907-AA39E881F5B0}.Debug|Any CPU.Build.0 = Debug|Any CPU
		{B3B4A51A-6CD1-42B4-B907-AA39E881F5B0}.Debug|x64.ActiveCfg = Debug|Any CPU
		{B3B4A51A-6CD1-42B4-B907-AA39E881F5B0}.Debug|x64.Build.0 = Debug|Any CPU
		{B3B4A51A-6CD1-42B4-B907-AA39E881F5B0}.Debug|x86.ActiveCfg = Debug|Any CPU
		{B3B4A51A-6CD1-42B4-B907-AA39E881F5B0}.Debug|x86.Build.0 = Debug|Any CPU
		{B3B4A51A-6CD1-42B4-B907-AA39E881F5B0}.Release|Any CPU.ActiveCfg = Release|Any CPU
		{B3B4A51A-6CD1-42B4-B907-AA39E881F5B0}.Release|Any CPU.Build.0 = Release|Any CPU
		{B3B4A51A-6CD1-42B4-B907-AA39E881F5B0}.Release|x64.ActiveCfg = Release|Any CPU
		{B3B4A51A-6CD1-42B4-B907-AA39E881F5B0}.Release|x64.Build.0 = Release|Any CPU
		{B3B4A51A-6CD1-42B4-B907-AA39E881F5B0}.Release|x86.ActiveCfg = Release|Any CPU
		{B3B4A51A-6CD1-42B4-B907-AA39E881F5B0}.Release|x86.Build.0 = Release|Any CPU
		{DCCD9975-CDD0-44C1-8AA7-CE114821C3C9}.Debug|Any CPU.ActiveCfg = Debug|Any CPU
		{DCCD9975-CDD0-44C1-8AA7-CE114821C3C9}.Debug|Any CPU.Build.0 = Debug|Any CPU
		{DCCD9975-CDD0-44C1-8AA7-CE114821C3C9}.Debug|x64.ActiveCfg = Debug|Any CPU
		{DCCD9975-CDD0-44C1-8AA7-CE114821C3C9}.Debug|x64.Build.0 = Debug|Any CPU
		{DCCD9975-CDD0-44C1-8AA7-CE114821C3C9}.Debug|x86.ActiveCfg = Debug|Any CPU
		{DCCD9975-CDD0-44C1-8AA7-CE114821C3C9}.Debug|x86.Build.0 = Debug|Any CPU
		{DCCD9975-CDD0-44C1-8AA7-CE114821C3C9}.Release|Any CPU.ActiveCfg = Release|Any CPU
		{DCCD9975-CDD0-44C1-8AA7-CE114821C3C9}.Release|Any CPU.Build.0 = Release|Any CPU
		{DCCD9975-CDD0-44C1-8AA7-CE114821C3C9}.Release|x64.ActiveCfg = Release|Any CPU
		{DCCD9975-CDD0-44C1-8AA7-CE114821C3C9}.Release|x64.Build.0 = Release|Any CPU
		{DCCD9975-CDD0-44C1-8AA7-CE114821C3C9}.Release|x86.ActiveCfg = Release|Any CPU
		{DCCD9975-CDD0-44C1-8AA7-CE114821C3C9}.Release|x86.Build.0 = Release|Any CPU
		{D0537665-D7C0-4C47-81CB-9DC20DABEA87}.Debug|Any CPU.ActiveCfg = Debug|Any CPU
		{D0537665-D7C0-4C47-81CB-9DC20DABEA87}.Debug|Any CPU.Build.0 = Debug|Any CPU
		{D0537665-D7C0-4C47-81CB-9DC20DABEA87}.Debug|x64.ActiveCfg = Debug|Any CPU
		{D0537665-D7C0-4C47-81CB-9DC20DABEA87}.Debug|x64.Build.0 = Debug|Any CPU
		{D0537665-D7C0-4C47-81CB-9DC20DABEA87}.Debug|x86.ActiveCfg = Debug|Any CPU
		{D0537665-D7C0-4C47-81CB-9DC20DABEA87}.Debug|x86.Build.0 = Debug|Any CPU
		{D0537665-D7C0-4C47-81CB-9DC20DABEA87}.Release|Any CPU.ActiveCfg = Release|Any CPU
		{D0537665-D7C0-4C47-81CB-9DC20DABEA87}.Release|Any CPU.Build.0 = Release|Any CPU
		{D0537665-D7C0-4C47-81CB-9DC20DABEA87}.Release|x64.ActiveCfg = Release|Any CPU
		{D0537665-D7C0-4C47-81CB-9DC20DABEA87}.Release|x64.Build.0 = Release|Any CPU
		{D0537665-D7C0-4C47-81CB-9DC20DABEA87}.Release|x86.ActiveCfg = Release|Any CPU
		{D0537665-D7C0-4C47-81CB-9DC20DABEA87}.Release|x86.Build.0 = Release|Any CPU
		{421FEEE6-C6C0-46CE-BA1B-735F9D03598A}.Debug|Any CPU.ActiveCfg = Debug|Any CPU
		{421FEEE6-C6C0-46CE-BA1B-735F9D03598A}.Debug|Any CPU.Build.0 = Debug|Any CPU
		{421FEEE6-C6C0-46CE-BA1B-735F9D03598A}.Debug|x64.ActiveCfg = Debug|Any CPU
		{421FEEE6-C6C0-46CE-BA1B-735F9D03598A}.Debug|x64.Build.0 = Debug|Any CPU
		{421FEEE6-C6C0-46CE-BA1B-735F9D03598A}.Debug|x86.ActiveCfg = Debug|Any CPU
		{421FEEE6-C6C0-46CE-BA1B-735F9D03598A}.Debug|x86.Build.0 = Debug|Any CPU
		{421FEEE6-C6C0-46CE-BA1B-735F9D03598A}.Release|Any CPU.ActiveCfg = Release|Any CPU
		{421FEEE6-C6C0-46CE-BA1B-735F9D03598A}.Release|Any CPU.Build.0 = Release|Any CPU
		{421FEEE6-C6C0-46CE-BA1B-735F9D03598A}.Release|x64.ActiveCfg = Release|Any CPU
		{421FEEE6-C6C0-46CE-BA1B-735F9D03598A}.Release|x64.Build.0 = Release|Any CPU
		{421FEEE6-C6C0-46CE-BA1B-735F9D03598A}.Release|x86.ActiveCfg = Release|Any CPU
		{421FEEE6-C6C0-46CE-BA1B-735F9D03598A}.Release|x86.Build.0 = Release|Any CPU
		{48C762FC-3266-4A5B-A56D-0E7F629D0F10}.Debug|Any CPU.ActiveCfg = Debug|Any CPU
		{48C762FC-3266-4A5B-A56D-0E7F629D0F10}.Debug|Any CPU.Build.0 = Debug|Any CPU
		{48C762FC-3266-4A5B-A56D-0E7F629D0F10}.Debug|x64.ActiveCfg = Debug|Any CPU
		{48C762FC-3266-4A5B-A56D-0E7F629D0F10}.Debug|x64.Build.0 = Debug|Any CPU
		{48C762FC-3266-4A5B-A56D-0E7F629D0F10}.Debug|x86.ActiveCfg = Debug|Any CPU
		{48C762FC-3266-4A5B-A56D-0E7F629D0F10}.Debug|x86.Build.0 = Debug|Any CPU
		{48C762FC-3266-4A5B-A56D-0E7F629D0F10}.Release|Any CPU.ActiveCfg = Release|Any CPU
		{48C762FC-3266-4A5B-A56D-0E7F629D0F10}.Release|Any CPU.Build.0 = Release|Any CPU
		{48C762FC-3266-4A5B-A56D-0E7F629D0F10}.Release|x64.ActiveCfg = Release|Any CPU
		{48C762FC-3266-4A5B-A56D-0E7F629D0F10}.Release|x64.Build.0 = Release|Any CPU
		{48C762FC-3266-4A5B-A56D-0E7F629D0F10}.Release|x86.ActiveCfg = Release|Any CPU
		{48C762FC-3266-4A5B-A56D-0E7F629D0F10}.Release|x86.Build.0 = Release|Any CPU
		{59B273AB-9944-4E42-A448-200D13611EA3}.Debug|Any CPU.ActiveCfg = Debug|Any CPU
		{59B273AB-9944-4E42-A448-200D13611EA3}.Debug|Any CPU.Build.0 = Debug|Any CPU
		{59B273AB-9944-4E42-A448-200D13611EA3}.Debug|x64.ActiveCfg = Debug|Any CPU
		{59B273AB-9944-4E42-A448-200D13611EA3}.Debug|x64.Build.0 = Debug|Any CPU
		{59B273AB-9944-4E42-A448-200D13611EA3}.Debug|x86.ActiveCfg = Debug|Any CPU
		{59B273AB-9944-4E42-A448-200D13611EA3}.Debug|x86.Build.0 = Debug|Any CPU
		{59B273AB-9944-4E42-A448-200D13611EA3}.Release|Any CPU.ActiveCfg = Release|Any CPU
		{59B273AB-9944-4E42-A448-200D13611EA3}.Release|Any CPU.Build.0 = Release|Any CPU
		{59B273AB-9944-4E42-A448-200D13611EA3}.Release|x64.ActiveCfg = Release|Any CPU
		{59B273AB-9944-4E42-A448-200D13611EA3}.Release|x64.Build.0 = Release|Any CPU
		{59B273AB-9944-4E42-A448-200D13611EA3}.Release|x86.ActiveCfg = Release|Any CPU
		{59B273AB-9944-4E42-A448-200D13611EA3}.Release|x86.Build.0 = Release|Any CPU
		{E1D5B584-4C58-4C65-84FB-7DEEC5A6B07C}.Debug|Any CPU.ActiveCfg = Debug|Any CPU
		{E1D5B584-4C58-4C65-84FB-7DEEC5A6B07C}.Debug|Any CPU.Build.0 = Debug|Any CPU
		{E1D5B584-4C58-4C65-84FB-7DEEC5A6B07C}.Debug|x64.ActiveCfg = Debug|Any CPU
		{E1D5B584-4C58-4C65-84FB-7DEEC5A6B07C}.Debug|x64.Build.0 = Debug|Any CPU
		{E1D5B584-4C58-4C65-84FB-7DEEC5A6B07C}.Debug|x86.ActiveCfg = Debug|Any CPU
		{E1D5B584-4C58-4C65-84FB-7DEEC5A6B07C}.Debug|x86.Build.0 = Debug|Any CPU
		{E1D5B584-4C58-4C65-84FB-7DEEC5A6B07C}.Release|Any CPU.ActiveCfg = Release|Any CPU
		{E1D5B584-4C58-4C65-84FB-7DEEC5A6B07C}.Release|Any CPU.Build.0 = Release|Any CPU
		{E1D5B584-4C58-4C65-84FB-7DEEC5A6B07C}.Release|x64.ActiveCfg = Release|Any CPU
		{E1D5B584-4C58-4C65-84FB-7DEEC5A6B07C}.Release|x64.Build.0 = Release|Any CPU
		{E1D5B584-4C58-4C65-84FB-7DEEC5A6B07C}.Release|x86.ActiveCfg = Release|Any CPU
		{E1D5B584-4C58-4C65-84FB-7DEEC5A6B07C}.Release|x86.Build.0 = Release|Any CPU
		{075334FD-EBCC-4890-A21F-A5BC53DCBCA9}.Debug|Any CPU.ActiveCfg = Debug|Any CPU
		{075334FD-EBCC-4890-A21F-A5BC53DCBCA9}.Debug|Any CPU.Build.0 = Debug|Any CPU
		{075334FD-EBCC-4890-A21F-A5BC53DCBCA9}.Debug|x64.ActiveCfg = Debug|Any CPU
		{075334FD-EBCC-4890-A21F-A5BC53DCBCA9}.Debug|x64.Build.0 = Debug|Any CPU
		{075334FD-EBCC-4890-A21F-A5BC53DCBCA9}.Debug|x86.ActiveCfg = Debug|Any CPU
		{075334FD-EBCC-4890-A21F-A5BC53DCBCA9}.Debug|x86.Build.0 = Debug|Any CPU
		{075334FD-EBCC-4890-A21F-A5BC53DCBCA9}.Release|Any CPU.ActiveCfg = Release|Any CPU
		{075334FD-EBCC-4890-A21F-A5BC53DCBCA9}.Release|Any CPU.Build.0 = Release|Any CPU
		{075334FD-EBCC-4890-A21F-A5BC53DCBCA9}.Release|x64.ActiveCfg = Release|Any CPU
		{075334FD-EBCC-4890-A21F-A5BC53DCBCA9}.Release|x64.Build.0 = Release|Any CPU
		{075334FD-EBCC-4890-A21F-A5BC53DCBCA9}.Release|x86.ActiveCfg = Release|Any CPU
		{075334FD-EBCC-4890-A21F-A5BC53DCBCA9}.Release|x86.Build.0 = Release|Any CPU
	EndGlobalSection
	GlobalSection(SolutionProperties) = preSolution
		HideSolutionNode = FALSE
	EndGlobalSection
	GlobalSection(NestedProjects) = preSolution
		{D03CBDAC-0CA2-46C6-B35C-80EA06967594} = {1C921075-A34A-4D4E-A64C-855103B55A38}
		{3F9CCBDB-0CA8-4D27-BDFD-E8EB06F76380} = {1C921075-A34A-4D4E-A64C-855103B55A38}
		{F16D2378-E0C5-4E95-80E2-CF57F7A2956D} = {1C921075-A34A-4D4E-A64C-855103B55A38}
		{1DB5C5C7-3D7C-45FF-A5DD-5F0FAACF6707} = {1C921075-A34A-4D4E-A64C-855103B55A38}
		{35AACB95-7002-405B-B66D-65BDC4C737A6} = {1C921075-A34A-4D4E-A64C-855103B55A38}
		{D7871FEF-2BF9-495C-A0D7-28D713DA2A44} = {1C921075-A34A-4D4E-A64C-855103B55A38}
		{E29AD034-9A35-4F25-BE8F-FC8A821FD3FC} = {1C921075-A34A-4D4E-A64C-855103B55A38}
		{3077669C-DEC7-4994-966E-5C0750490DC1} = {1C921075-A34A-4D4E-A64C-855103B55A38}
		{A5379EB4-CDE9-4D8F-9B72-2EE8A032FC94} = {1C921075-A34A-4D4E-A64C-855103B55A38}
		{069A7CE8-FC52-4FD3-8D8E-953A8D0A7710} = {1C921075-A34A-4D4E-A64C-855103B55A38}
		{33EC5F9F-6563-4C8C-8219-30892A4846EF} = {1C921075-A34A-4D4E-A64C-855103B55A38}
		{1035DA51-5FB4-44A3-8446-D717B620698D} = {1C921075-A34A-4D4E-A64C-855103B55A38}
		{B2E7D760-A6D1-4713-A696-D8BD9D1601F1} = {1C921075-A34A-4D4E-A64C-855103B55A38}
		{6CE50BCC-832C-4AE8-BB44-EE1DC36D1990} = {1C921075-A34A-4D4E-A64C-855103B55A38}
		{10A40BD6-3F34-47FC-90DB-C15C138436DC} = {1C921075-A34A-4D4E-A64C-855103B55A38}
		{EA8025A8-B6D2-4054-A090-3F1E6D855946} = {1C921075-A34A-4D4E-A64C-855103B55A38}
		{969024B3-1FDF-4093-8361-D3FD501DE0D0} = {1C921075-A34A-4D4E-A64C-855103B55A38}
		{B3B4A51A-6CD1-42B4-B907-AA39E881F5B0} = {1C921075-A34A-4D4E-A64C-855103B55A38}
		{DCCD9975-CDD0-44C1-8AA7-CE114821C3C9} = {1C921075-A34A-4D4E-A64C-855103B55A38}
		{D0537665-D7C0-4C47-81CB-9DC20DABEA87} = {1C921075-A34A-4D4E-A64C-855103B55A38}
		{421FEEE6-C6C0-46CE-BA1B-735F9D03598A} = {1C921075-A34A-4D4E-A64C-855103B55A38}
		{48C762FC-3266-4A5B-A56D-0E7F629D0F10} = {1C921075-A34A-4D4E-A64C-855103B55A38}
		{59B273AB-9944-4E42-A448-200D13611EA3} = {1C921075-A34A-4D4E-A64C-855103B55A38}
	EndGlobalSection
	GlobalSection(ExtensibilityGlobals) = postSolution
		SolutionGuid = {B4E27F45-9CBE-4BCB-A47D-A3F003803A71}
	EndGlobalSection
EndGlobal
