
Microsoft Visual Studio Solution File, Format Version 12.00
# Visual Studio Version 16
VisualStudioVersion = 16.6.30114.105
MinimumVisualStudioVersion = 10.0.40219.1
Project("{9A19103F-16F7-4668-BE54-9A1E7A4F7556}") = "R5T.D0084.Base", "R5T.D0084.Base\R5T.D0084.Base.csproj", "{1441E958-BE9A-48BD-A6F4-0564D1CFB5C2}"
EndProject
Project("{2150E333-8FDC-42A3-9474-1A3956D46DE8}") = "_Dependencies", "_Dependencies", "{1C921075-A34A-4D4E-A64C-855103B55A38}"
EndProject
Project("{9A19103F-16F7-4668-BE54-9A1E7A4F7556}") = "R5T.Dacia.T002", "..\..\R5T.Dacia\source\R5T.Dacia.T002\R5T.Dacia.T002.csproj", "{D03CBDAC-0CA2-46C6-B35C-80EA06967594}"
EndProject
Project("{9A19103F-16F7-4668-BE54-9A1E7A4F7556}") = "R5T.D0084.I001", "R5T.D0084.I001\R5T.D0084.I001.csproj", "{50722677-8780-4CE4-851E-149414707F52}"
EndProject
Project("{9A19103F-16F7-4668-BE54-9A1E7A4F7556}") = "R5T.Dacia.Extensions", "..\..\R5T.Dacia.Extensions\source\R5T.Dacia.Extensions\R5T.Dacia.Extensions.csproj", "{3F9CCBDB-0CA8-4D27-BDFD-E8EB06F76380}"
EndProject
Project("{9A19103F-16F7-4668-BE54-9A1E7A4F7556}") = "R5T.Dacia", "..\..\R5T.Dacia\source\R5T.Dacia\R5T.Dacia.csproj", "{F16D2378-E0C5-4E95-80E2-CF57F7A2956D}"
EndProject
Project("{9A19103F-16F7-4668-BE54-9A1E7A4F7556}") = "R5T.T0044.X001", "..\..\R5T.T0044\source\R5T.T0044.X001\R5T.T0044.X001.csproj", "{1DB5C5C7-3D7C-45FF-A5DD-5F0FAACF6707}"
EndProject
Project("{9A19103F-16F7-4668-BE54-9A1E7A4F7556}") = "R5T.Magyar", "..\..\R5T.Magyar\source\R5T.Magyar\R5T.Magyar.csproj", "{35AACB95-7002-405B-B66D-65BDC4C737A6}"
EndProject
Project("{9A19103F-16F7-4668-BE54-9A1E7A4F7556}") = "R5T.D0084.D001.Base", "R5T.D0084.D001.Base\R5T.D0084.D001.Base.csproj", "{0DF3AB23-341C-4271-9074-868E1D5A2DF1}"
EndProject
Project("{9A19103F-16F7-4668-BE54-9A1E7A4F7556}") = "R5T.D0084.D002.Base", "R5T.D0084.D002.Base\R5T.D0084.D002.Base.csproj", "{96CB4CF3-2EDD-48D2-A479-F4627D07AA42}"
EndProject
Project("{9A19103F-16F7-4668-BE54-9A1E7A4F7556}") = "R5T.D0084.D003.Base", "R5T.D0084.D003.Base\R5T.D0084.D003.Base.csproj", "{4A8832CC-D41D-446E-95C4-0841CC8B97AE}"
EndProject
Project("{9A19103F-16F7-4668-BE54-9A1E7A4F7556}") = "R5T.D0084.D002.I001", "R5T.D0084.D002.I001\R5T.D0084.D002.I001.csproj", "{F78A2FDC-7023-4D5D-9E87-B88738D8AC19}"
EndProject
Project("{9A19103F-16F7-4668-BE54-9A1E7A4F7556}") = "R5T.D0084.D003.I001", "R5T.D0084.D003.I001\R5T.D0084.D003.I001.csproj", "{D4E5A9C8-BB1A-4355-82D6-3CCEF3AEDA26}"
EndProject
Project("{9A19103F-16F7-4668-BE54-9A1E7A4F7556}") = "R5T.T0032.X0001.X002", "..\..\R5T.T0032.X0001\source\R5T.T0032.X0001.X002\R5T.T0032.X0001.X002.csproj", "{D7871FEF-2BF9-495C-A0D7-28D713DA2A44}"
EndProject
Project("{9A19103F-16F7-4668-BE54-9A1E7A4F7556}") = "R5T.D0084.D003.I002", "R5T.D0084.D003.I002\R5T.D0084.D003.I002.csproj", "{4F6A74F7-9A4F-4169-8CF9-4BD8C7186FA0}"
EndProject
Project("{9A19103F-16F7-4668-BE54-9A1E7A4F7556}") = "R5T.T0041.X002", "..\..\R5T.T0041\source\R5T.T0041.X002\R5T.T0041.X002.csproj", "{E29AD034-9A35-4F25-BE8F-FC8A821FD3FC}"
EndProject
Project("{FAE04EC0-301F-11D3-BF4B-00C04F79EFBC}") = "R5T.D0084.D001.I002", "R5T.D0084.D001.I002\R5T.D0084.D001.I002.csproj", "{26EBE649-B7F7-4A98-8DE4-835E082BAB3C}"
EndProject
Global
	GlobalSection(SolutionConfigurationPlatforms) = preSolution
		Debug|Any CPU = Debug|Any CPU
		Debug|x64 = Debug|x64
		Debug|x86 = Debug|x86
		Release|Any CPU = Release|Any CPU
		Release|x64 = Release|x64
		Release|x86 = Release|x86
	EndGlobalSection
	GlobalSection(ProjectConfigurationPlatforms) = postSolution
		{1441E958-BE9A-48BD-A6F4-0564D1CFB5C2}.Debug|Any CPU.ActiveCfg = Debug|Any CPU
		{1441E958-BE9A-48BD-A6F4-0564D1CFB5C2}.Debug|Any CPU.Build.0 = Debug|Any CPU
		{1441E958-BE9A-48BD-A6F4-0564D1CFB5C2}.Debug|x64.ActiveCfg = Debug|Any CPU
		{1441E958-BE9A-48BD-A6F4-0564D1CFB5C2}.Debug|x64.Build.0 = Debug|Any CPU
		{1441E958-BE9A-48BD-A6F4-0564D1CFB5C2}.Debug|x86.ActiveCfg = Debug|Any CPU
		{1441E958-BE9A-48BD-A6F4-0564D1CFB5C2}.Debug|x86.Build.0 = Debug|Any CPU
		{1441E958-BE9A-48BD-A6F4-0564D1CFB5C2}.Release|Any CPU.ActiveCfg = Release|Any CPU
		{1441E958-BE9A-48BD-A6F4-0564D1CFB5C2}.Release|Any CPU.Build.0 = Release|Any CPU
		{1441E958-BE9A-48BD-A6F4-0564D1CFB5C2}.Release|x64.ActiveCfg = Release|Any CPU
		{1441E958-BE9A-48BD-A6F4-0564D1CFB5C2}.Release|x64.Build.0 = Release|Any CPU
		{1441E958-BE9A-48BD-A6F4-0564D1CFB5C2}.Release|x86.ActiveCfg = Release|Any CPU
		{1441E958-BE9A-48BD-A6F4-0564D1CFB5C2}.Release|x86.Build.0 = Release|Any CPU
		{D03CBDAC-0CA2-46C6-B35C-80EA06967594}.Debug|Any CPU.ActiveCfg = Debug|Any CPU
		{D03CBDAC-0CA2-46C6-B35C-80EA06967594}.Debug|Any CPU.Build.0 = Debug|Any CPU
		{D03CBDAC-0CA2-46C6-B35C-80EA06967594}.Debug|x64.ActiveCfg = Debug|Any CPU
		{D03CBDAC-0CA2-46C6-B35C-80EA06967594}.Debug|x64.Build.0 = Debug|Any CPU
		{D03CBDAC-0CA2-46C6-B35C-80EA06967594}.Debug|x86.ActiveCfg = Debug|Any CPU
		{D03CBDAC-0CA2-46C6-B35C-80EA06967594}.Debug|x86.Build.0 = Debug|Any CPU
		{D03CBDAC-0CA2-46C6-B35C-80EA06967594}.Release|Any CPU.ActiveCfg = Release|Any CPU
		{D03CBDAC-0CA2-46C6-B35C-80EA06967594}.Release|Any CPU.Build.0 = Release|Any CPU
		{D03CBDAC-0CA2-46C6-B35C-80EA06967594}.Release|x64.ActiveCfg = Release|Any CPU
		{D03CBDAC-0CA2-46C6-B35C-80EA06967594}.Release|x64.Build.0 = Release|Any CPU
		{D03CBDAC-0CA2-46C6-B35C-80EA06967594}.Release|x86.ActiveCfg = Release|Any CPU
		{D03CBDAC-0CA2-46C6-B35C-80EA06967594}.Release|x86.Build.0 = Release|Any CPU
		{50722677-8780-4CE4-851E-149414707F52}.Debug|Any CPU.ActiveCfg = Debug|Any CPU
		{50722677-8780-4CE4-851E-149414707F52}.Debug|Any CPU.Build.0 = Debug|Any CPU
		{50722677-8780-4CE4-851E-149414707F52}.Debug|x64.ActiveCfg = Debug|Any CPU
		{50722677-8780-4CE4-851E-149414707F52}.Debug|x64.Build.0 = Debug|Any CPU
		{50722677-8780-4CE4-851E-149414707F52}.Debug|x86.ActiveCfg = Debug|Any CPU
		{50722677-8780-4CE4-851E-149414707F52}.Debug|x86.Build.0 = Debug|Any CPU
		{50722677-8780-4CE4-851E-149414707F52}.Release|Any CPU.ActiveCfg = Release|Any CPU
		{50722677-8780-4CE4-851E-149414707F52}.Release|Any CPU.Build.0 = Release|Any CPU
		{50722677-8780-4CE4-851E-149414707F52}.Release|x64.ActiveCfg = Release|Any CPU
		{50722677-8780-4CE4-851E-149414707F52}.Release|x64.Build.0 = Release|Any CPU
		{50722677-8780-4CE4-851E-149414707F52}.Release|x86.ActiveCfg = Release|Any CPU
		{50722677-8780-4CE4-851E-149414707F52}.Release|x86.Build.0 = Release|Any CPU
		{3F9CCBDB-0CA8-4D27-BDFD-E8EB06F76380}.Debug|Any CPU.ActiveCfg = Debug|Any CPU
		{3F9CCBDB-0CA8-4D27-BDFD-E8EB06F76380}.Debug|Any CPU.Build.0 = Debug|Any CPU
		{3F9CCBDB-0CA8-4D27-BDFD-E8EB06F76380}.Debug|x64.ActiveCfg = Debug|Any CPU
		{3F9CCBDB-0CA8-4D27-BDFD-E8EB06F76380}.Debug|x64.Build.0 = Debug|Any CPU
		{3F9CCBDB-0CA8-4D27-BDFD-E8EB06F76380}.Debug|x86.ActiveCfg = Debug|Any CPU
		{3F9CCBDB-0CA8-4D27-BDFD-E8EB06F76380}.Debug|x86.Build.0 = Debug|Any CPU
		{3F9CCBDB-0CA8-4D27-BDFD-E8EB06F76380}.Release|Any CPU.ActiveCfg = Release|Any CPU
		{3F9CCBDB-0CA8-4D27-BDFD-E8EB06F76380}.Release|Any CPU.Build.0 = Release|Any CPU
		{3F9CCBDB-0CA8-4D27-BDFD-E8EB06F76380}.Release|x64.ActiveCfg = Release|Any CPU
		{3F9CCBDB-0CA8-4D27-BDFD-E8EB06F76380}.Release|x64.Build.0 = Release|Any CPU
		{3F9CCBDB-0CA8-4D27-BDFD-E8EB06F76380}.Release|x86.ActiveCfg = Release|Any CPU
		{3F9CCBDB-0CA8-4D27-BDFD-E8EB06F76380}.Release|x86.Build.0 = Release|Any CPU
		{F16D2378-E0C5-4E95-80E2-CF57F7A2956D}.Debug|Any CPU.ActiveCfg = Debug|Any CPU
		{F16D2378-E0C5-4E95-80E2-CF57F7A2956D}.Debug|Any CPU.Build.0 = Debug|Any CPU
		{F16D2378-E0C5-4E95-80E2-CF57F7A2956D}.Debug|x64.ActiveCfg = Debug|Any CPU
		{F16D2378-E0C5-4E95-80E2-CF57F7A2956D}.Debug|x64.Build.0 = Debug|Any CPU
		{F16D2378-E0C5-4E95-80E2-CF57F7A2956D}.Debug|x86.ActiveCfg = Debug|Any CPU
		{F16D2378-E0C5-4E95-80E2-CF57F7A2956D}.Debug|x86.Build.0 = Debug|Any CPU
		{F16D2378-E0C5-4E95-80E2-CF57F7A2956D}.Release|Any CPU.ActiveCfg = Release|Any CPU
		{F16D2378-E0C5-4E95-80E2-CF57F7A2956D}.Release|Any CPU.Build.0 = Release|Any CPU
		{F16D2378-E0C5-4E95-80E2-CF57F7A2956D}.Release|x64.ActiveCfg = Release|Any CPU
		{F16D2378-E0C5-4E95-80E2-CF57F7A2956D}.Release|x64.Build.0 = Release|Any CPU
		{F16D2378-E0C5-4E95-80E2-CF57F7A2956D}.Release|x86.ActiveCfg = Release|Any CPU
		{F16D2378-E0C5-4E95-80E2-CF57F7A2956D}.Release|x86.Build.0 = Release|Any CPU
		{1DB5C5C7-3D7C-45FF-A5DD-5F0FAACF6707}.Debug|Any CPU.ActiveCfg = Debug|Any CPU
		{1DB5C5C7-3D7C-45FF-A5DD-5F0FAACF6707}.Debug|Any CPU.Build.0 = Debug|Any CPU
		{1DB5C5C7-3D7C-45FF-A5DD-5F0FAACF6707}.Debug|x64.ActiveCfg = Debug|Any CPU
		{1DB5C5C7-3D7C-45FF-A5DD-5F0FAACF6707}.Debug|x64.Build.0 = Debug|Any CPU
		{1DB5C5C7-3D7C-45FF-A5DD-5F0FAACF6707}.Debug|x86.ActiveCfg = Debug|Any CPU
		{1DB5C5C7-3D7C-45FF-A5DD-5F0FAACF6707}.Debug|x86.Build.0 = Debug|Any CPU
		{1DB5C5C7-3D7C-45FF-A5DD-5F0FAACF6707}.Release|Any CPU.ActiveCfg = Release|Any CPU
		{1DB5C5C7-3D7C-45FF-A5DD-5F0FAACF6707}.Release|Any CPU.Build.0 = Release|Any CPU
		{1DB5C5C7-3D7C-45FF-A5DD-5F0FAACF6707}.Release|x64.ActiveCfg = Release|Any CPU
		{1DB5C5C7-3D7C-45FF-A5DD-5F0FAACF6707}.Release|x64.Build.0 = Release|Any CPU
		{1DB5C5C7-3D7C-45FF-A5DD-5F0FAACF6707}.Release|x86.ActiveCfg = Release|Any CPU
		{1DB5C5C7-3D7C-45FF-A5DD-5F0FAACF6707}.Release|x86.Build.0 = Release|Any CPU
		{35AACB95-7002-405B-B66D-65BDC4C737A6}.Debug|Any CPU.ActiveCfg = Debug|Any CPU
		{35AACB95-7002-405B-B66D-65BDC4C737A6}.Debug|Any CPU.Build.0 = Debug|Any CPU
		{35AACB95-7002-405B-B66D-65BDC4C737A6}.Debug|x64.ActiveCfg = Debug|Any CPU
		{35AACB95-7002-405B-B66D-65BDC4C737A6}.Debug|x64.Build.0 = Debug|Any CPU
		{35AACB95-7002-405B-B66D-65BDC4C737A6}.Debug|x86.ActiveCfg = Debug|Any CPU
		{35AACB95-7002-405B-B66D-65BDC4C737A6}.Debug|x86.Build.0 = Debug|Any CPU
		{35AACB95-7002-405B-B66D-65BDC4C737A6}.Release|Any CPU.ActiveCfg = Release|Any CPU
		{35AACB95-7002-405B-B66D-65BDC4C737A6}.Release|Any CPU.Build.0 = Release|Any CPU
		{35AACB95-7002-405B-B66D-65BDC4C737A6}.Release|x64.ActiveCfg = Release|Any CPU
		{35AACB95-7002-405B-B66D-65BDC4C737A6}.Release|x64.Build.0 = Release|Any CPU
		{35AACB95-7002-405B-B66D-65BDC4C737A6}.Release|x86.ActiveCfg = Release|Any CPU
		{35AACB95-7002-405B-B66D-65BDC4C737A6}.Release|x86.Build.0 = Release|Any CPU
		{0DF3AB23-341C-4271-9074-868E1D5A2DF1}.Debug|Any CPU.ActiveCfg = Debug|Any CPU
		{0DF3AB23-341C-4271-9074-868E1D5A2DF1}.Debug|Any CPU.Build.0 = Debug|Any CPU
		{0DF3AB23-341C-4271-9074-868E1D5A2DF1}.Debug|x64.ActiveCfg = Debug|Any CPU
		{0DF3AB23-341C-4271-9074-868E1D5A2DF1}.Debug|x64.Build.0 = Debug|Any CPU
		{0DF3AB23-341C-4271-9074-868E1D5A2DF1}.Debug|x86.ActiveCfg = Debug|Any CPU
		{0DF3AB23-341C-4271-9074-868E1D5A2DF1}.Debug|x86.Build.0 = Debug|Any CPU
		{0DF3AB23-341C-4271-9074-868E1D5A2DF1}.Release|Any CPU.ActiveCfg = Release|Any CPU
		{0DF3AB23-341C-4271-9074-868E1D5A2DF1}.Release|Any CPU.Build.0 = Release|Any CPU
		{0DF3AB23-341C-4271-9074-868E1D5A2DF1}.Release|x64.ActiveCfg = Release|Any CPU
		{0DF3AB23-341C-4271-9074-868E1D5A2DF1}.Release|x64.Build.0 = Release|Any CPU
		{0DF3AB23-341C-4271-9074-868E1D5A2DF1}.Release|x86.ActiveCfg = Release|Any CPU
		{0DF3AB23-341C-4271-9074-868E1D5A2DF1}.Release|x86.Build.0 = Release|Any CPU
		{96CB4CF3-2EDD-48D2-A479-F4627D07AA42}.Debug|Any CPU.ActiveCfg = Debug|Any CPU
		{96CB4CF3-2EDD-48D2-A479-F4627D07AA42}.Debug|Any CPU.Build.0 = Debug|Any CPU
		{96CB4CF3-2EDD-48D2-A479-F4627D07AA42}.Debug|x64.ActiveCfg = Debug|Any CPU
		{96CB4CF3-2EDD-48D2-A479-F4627D07AA42}.Debug|x64.Build.0 = Debug|Any CPU
		{96CB4CF3-2EDD-48D2-A479-F4627D07AA42}.Debug|x86.ActiveCfg = Debug|Any CPU
		{96CB4CF3-2EDD-48D2-A479-F4627D07AA42}.Debug|x86.Build.0 = Debug|Any CPU
		{96CB4CF3-2EDD-48D2-A479-F4627D07AA42}.Release|Any CPU.ActiveCfg = Release|Any CPU
		{96CB4CF3-2EDD-48D2-A479-F4627D07AA42}.Release|Any CPU.Build.0 = Release|Any CPU
		{96CB4CF3-2EDD-48D2-A479-F4627D07AA42}.Release|x64.ActiveCfg = Release|Any CPU
		{96CB4CF3-2EDD-48D2-A479-F4627D07AA42}.Release|x64.Build.0 = Release|Any CPU
		{96CB4CF3-2EDD-48D2-A479-F4627D07AA42}.Release|x86.ActiveCfg = Release|Any CPU
		{96CB4CF3-2EDD-48D2-A479-F4627D07AA42}.Release|x86.Build.0 = Release|Any CPU
		{4A8832CC-D41D-446E-95C4-0841CC8B97AE}.Debug|Any CPU.ActiveCfg = Debug|Any CPU
		{4A8832CC-D41D-446E-95C4-0841CC8B97AE}.Debug|Any CPU.Build.0 = Debug|Any CPU
		{4A8832CC-D41D-446E-95C4-0841CC8B97AE}.Debug|x64.ActiveCfg = Debug|Any CPU
		{4A8832CC-D41D-446E-95C4-0841CC8B97AE}.Debug|x64.Build.0 = Debug|Any CPU
		{4A8832CC-D41D-446E-95C4-0841CC8B97AE}.Debug|x86.ActiveCfg = Debug|Any CPU
		{4A8832CC-D41D-446E-95C4-0841CC8B97AE}.Debug|x86.Build.0 = Debug|Any CPU
		{4A8832CC-D41D-446E-95C4-0841CC8B97AE}.Release|Any CPU.ActiveCfg = Release|Any CPU
		{4A8832CC-D41D-446E-95C4-0841CC8B97AE}.Release|Any CPU.Build.0 = Release|Any CPU
		{4A8832CC-D41D-446E-95C4-0841CC8B97AE}.Release|x64.ActiveCfg = Release|Any CPU
		{4A8832CC-D41D-446E-95C4-0841CC8B97AE}.Release|x64.Build.0 = Release|Any CPU
		{4A8832CC-D41D-446E-95C4-0841CC8B97AE}.Release|x86.ActiveCfg = Release|Any CPU
		{4A8832CC-D41D-446E-95C4-0841CC8B97AE}.Release|x86.Build.0 = Release|Any CPU
		{F78A2FDC-7023-4D5D-9E87-B88738D8AC19}.Debug|Any CPU.ActiveCfg = Debug|Any CPU
		{F78A2FDC-7023-4D5D-9E87-B88738D8AC19}.Debug|Any CPU.Build.0 = Debug|Any CPU
		{F78A2FDC-7023-4D5D-9E87-B88738D8AC19}.Debug|x64.ActiveCfg = Debug|Any CPU
		{F78A2FDC-7023-4D5D-9E87-B88738D8AC19}.Debug|x64.Build.0 = Debug|Any CPU
		{F78A2FDC-7023-4D5D-9E87-B88738D8AC19}.Debug|x86.ActiveCfg = Debug|Any CPU
		{F78A2FDC-7023-4D5D-9E87-B88738D8AC19}.Debug|x86.Build.0 = Debug|Any CPU
		{F78A2FDC-7023-4D5D-9E87-B88738D8AC19}.Release|Any CPU.ActiveCfg = Release|Any CPU
		{F78A2FDC-7023-4D5D-9E87-B88738D8AC19}.Release|Any CPU.Build.0 = Release|Any CPU
		{F78A2FDC-7023-4D5D-9E87-B88738D8AC19}.Release|x64.ActiveCfg = Release|Any CPU
		{F78A2FDC-7023-4D5D-9E87-B88738D8AC19}.Release|x64.Build.0 = Release|Any CPU
		{F78A2FDC-7023-4D5D-9E87-B88738D8AC19}.Release|x86.ActiveCfg = Release|Any CPU
		{F78A2FDC-7023-4D5D-9E87-B88738D8AC19}.Release|x86.Build.0 = Release|Any CPU
		{D4E5A9C8-BB1A-4355-82D6-3CCEF3AEDA26}.Debug|Any CPU.ActiveCfg = Debug|Any CPU
		{D4E5A9C8-BB1A-4355-82D6-3CCEF3AEDA26}.Debug|Any CPU.Build.0 = Debug|Any CPU
		{D4E5A9C8-BB1A-4355-82D6-3CCEF3AEDA26}.Debug|x64.ActiveCfg = Debug|Any CPU
		{D4E5A9C8-BB1A-4355-82D6-3CCEF3AEDA26}.Debug|x64.Build.0 = Debug|Any CPU
		{D4E5A9C8-BB1A-4355-82D6-3CCEF3AEDA26}.Debug|x86.ActiveCfg = Debug|Any CPU
		{D4E5A9C8-BB1A-4355-82D6-3CCEF3AEDA26}.Debug|x86.Build.0 = Debug|Any CPU
		{D4E5A9C8-BB1A-4355-82D6-3CCEF3AEDA26}.Release|Any CPU.ActiveCfg = Release|Any CPU
		{D4E5A9C8-BB1A-4355-82D6-3CCEF3AEDA26}.Release|Any CPU.Build.0 = Release|Any CPU
		{D4E5A9C8-BB1A-4355-82D6-3CCEF3AEDA26}.Release|x64.ActiveCfg = Release|Any CPU
		{D4E5A9C8-BB1A-4355-82D6-3CCEF3AEDA26}.Release|x64.Build.0 = Release|Any CPU
		{D4E5A9C8-BB1A-4355-82D6-3CCEF3AEDA26}.Release|x86.ActiveCfg = Release|Any CPU
		{D4E5A9C8-BB1A-4355-82D6-3CCEF3AEDA26}.Release|x86.Build.0 = Release|Any CPU
		{D7871FEF-2BF9-495C-A0D7-28D713DA2A44}.Debug|Any CPU.ActiveCfg = Debug|Any CPU
		{D7871FEF-2BF9-495C-A0D7-28D713DA2A44}.Debug|Any CPU.Build.0 = Debug|Any CPU
		{D7871FEF-2BF9-495C-A0D7-28D713DA2A44}.Debug|x64.ActiveCfg = Debug|Any CPU
		{D7871FEF-2BF9-495C-A0D7-28D713DA2A44}.Debug|x64.Build.0 = Debug|Any CPU
		{D7871FEF-2BF9-495C-A0D7-28D713DA2A44}.Debug|x86.ActiveCfg = Debug|Any CPU
		{D7871FEF-2BF9-495C-A0D7-28D713DA2A44}.Debug|x86.Build.0 = Debug|Any CPU
		{D7871FEF-2BF9-495C-A0D7-28D713DA2A44}.Release|Any CPU.ActiveCfg = Release|Any CPU
		{D7871FEF-2BF9-495C-A0D7-28D713DA2A44}.Release|Any CPU.Build.0 = Release|Any CPU
		{D7871FEF-2BF9-495C-A0D7-28D713DA2A44}.Release|x64.ActiveCfg = Release|Any CPU
		{D7871FEF-2BF9-495C-A0D7-28D713DA2A44}.Release|x64.Build.0 = Release|Any CPU
		{D7871FEF-2BF9-495C-A0D7-28D713DA2A44}.Release|x86.ActiveCfg = Release|Any CPU
		{D7871FEF-2BF9-495C-A0D7-28D713DA2A44}.Release|x86.Build.0 = Release|Any CPU
		{4F6A74F7-9A4F-4169-8CF9-4BD8C7186FA0}.Debug|Any CPU.ActiveCfg = Debug|Any CPU
		{4F6A74F7-9A4F-4169-8CF9-4BD8C7186FA0}.Debug|Any CPU.Build.0 = Debug|Any CPU
		{4F6A74F7-9A4F-4169-8CF9-4BD8C7186FA0}.Debug|x64.ActiveCfg = Debug|Any CPU
		{4F6A74F7-9A4F-4169-8CF9-4BD8C7186FA0}.Debug|x64.Build.0 = Debug|Any CPU
		{4F6A74F7-9A4F-4169-8CF9-4BD8C7186FA0}.Debug|x86.ActiveCfg = Debug|Any CPU
		{4F6A74F7-9A4F-4169-8CF9-4BD8C7186FA0}.Debug|x86.Build.0 = Debug|Any CPU
		{4F6A74F7-9A4F-4169-8CF9-4BD8C7186FA0}.Release|Any CPU.ActiveCfg = Release|Any CPU
		{4F6A74F7-9A4F-4169-8CF9-4BD8C7186FA0}.Release|Any CPU.Build.0 = Release|Any CPU
		{4F6A74F7-9A4F-4169-8CF9-4BD8C7186FA0}.Release|x64.ActiveCfg = Release|Any CPU
		{4F6A74F7-9A4F-4169-8CF9-4BD8C7186FA0}.Release|x64.Build.0 = Release|Any CPU
		{4F6A74F7-9A4F-4169-8CF9-4BD8C7186FA0}.Release|x86.ActiveCfg = Release|Any CPU
		{4F6A74F7-9A4F-4169-8CF9-4BD8C7186FA0}.Release|x86.Build.0 = Release|Any CPU
		{E29AD034-9A35-4F25-BE8F-FC8A821FD3FC}.Debug|Any CPU.ActiveCfg = Debug|Any CPU
		{E29AD034-9A35-4F25-BE8F-FC8A821FD3FC}.Debug|Any CPU.Build.0 = Debug|Any CPU
		{E29AD034-9A35-4F25-BE8F-FC8A821FD3FC}.Debug|x64.ActiveCfg = Debug|Any CPU
		{E29AD034-9A35-4F25-BE8F-FC8A821FD3FC}.Debug|x64.Build.0 = Debug|Any CPU
		{E29AD034-9A35-4F25-BE8F-FC8A821FD3FC}.Debug|x86.ActiveCfg = Debug|Any CPU
		{E29AD034-9A35-4F25-BE8F-FC8A821FD3FC}.Debug|x86.Build.0 = Debug|Any CPU
		{E29AD034-9A35-4F25-BE8F-FC8A821FD3FC}.Release|Any CPU.ActiveCfg = Release|Any CPU
		{E29AD034-9A35-4F25-BE8F-FC8A821FD3FC}.Release|Any CPU.Build.0 = Release|Any CPU
		{E29AD034-9A35-4F25-BE8F-FC8A821FD3FC}.Release|x64.ActiveCfg = Release|Any CPU
		{E29AD034-9A35-4F25-BE8F-FC8A821FD3FC}.Release|x64.Build.0 = Release|Any CPU
		{E29AD034-9A35-4F25-BE8F-FC8A821FD3FC}.Release|x86.ActiveCfg = Release|Any CPU
		{E29AD034-9A35-4F25-BE8F-FC8A821FD3FC}.Release|x86.Build.0 = Release|Any CPU
		{26EBE649-B7F7-4A98-8DE4-835E082BAB3C}.Debug|Any CPU.ActiveCfg = Debug|Any CPU
		{26EBE649-B7F7-4A98-8DE4-835E082BAB3C}.Debug|Any CPU.Build.0 = Debug|Any CPU
		{26EBE649-B7F7-4A98-8DE4-835E082BAB3C}.Debug|x64.ActiveCfg = Debug|Any CPU
		{26EBE649-B7F7-4A98-8DE4-835E082BAB3C}.Debug|x64.Build.0 = Debug|Any CPU
		{26EBE649-B7F7-4A98-8DE4-835E082BAB3C}.Debug|x86.ActiveCfg = Debug|Any CPU
		{26EBE649-B7F7-4A98-8DE4-835E082BAB3C}.Debug|x86.Build.0 = Debug|Any CPU
		{26EBE649-B7F7-4A98-8DE4-835E082BAB3C}.Release|Any CPU.ActiveCfg = Release|Any CPU
		{26EBE649-B7F7-4A98-8DE4-835E082BAB3C}.Release|Any CPU.Build.0 = Release|Any CPU
		{26EBE649-B7F7-4A98-8DE4-835E082BAB3C}.Release|x64.ActiveCfg = Release|Any CPU
		{26EBE649-B7F7-4A98-8DE4-835E082BAB3C}.Release|x64.Build.0 = Release|Any CPU
		{26EBE649-B7F7-4A98-8DE4-835E082BAB3C}.Release|x86.ActiveCfg = Release|Any CPU
		{26EBE649-B7F7-4A98-8DE4-835E082BAB3C}.Release|x86.Build.0 = Release|Any CPU
	EndGlobalSection
	GlobalSection(SolutionProperties) = preSolution
		HideSolutionNode = FALSE
	EndGlobalSection
	GlobalSection(NestedProjects) = preSolution
		{D03CBDAC-0CA2-46C6-B35C-80EA06967594} = {1C921075-A34A-4D4E-A64C-855103B55A38}
		{3F9CCBDB-0CA8-4D27-BDFD-E8EB06F76380} = {1C921075-A34A-4D4E-A64C-855103B55A38}
		{F16D2378-E0C5-4E95-80E2-CF57F7A2956D} = {1C921075-A34A-4D4E-A64C-855103B55A38}
		{1DB5C5C7-3D7C-45FF-A5DD-5F0FAACF6707} = {1C921075-A34A-4D4E-A64C-855103B55A38}
		{35AACB95-7002-405B-B66D-65BDC4C737A6} = {1C921075-A34A-4D4E-A64C-855103B55A38}
		{D7871FEF-2BF9-495C-A0D7-28D713DA2A44} = {1C921075-A34A-4D4E-A64C-855103B55A38}
		{E29AD034-9A35-4F25-BE8F-FC8A821FD3FC} = {1C921075-A34A-4D4E-A64C-855103B55A38}
	EndGlobalSection
	GlobalSection(ExtensibilityGlobals) = postSolution
		SolutionGuid = {B4E27F45-9CBE-4BCB-A47D-A3F003803A71}
	EndGlobalSection
EndGlobal
