
Microsoft Visual Studio Solution File, Format Version 12.00
# Visual Studio Version 16
VisualStudioVersion = 16.6.30114.105
MinimumVisualStudioVersion = 10.0.40219.1
Project("{FAE04EC0-301F-11D3-BF4B-00C04F79EFBC}") = "R5T.D0084.A001", "R5T.D0084.A001\R5T.D0084.A001.csproj", "{AE03D2A2-1262-4B55-92DD-A8DD7C26D80B}"
EndProject
Project("{FAE04EC0-301F-11D3-BF4B-00C04F79EFBC}") = "R5T.D0084.I001", "R5T.D0084.I001\R5T.D0084.I001.csproj", "{DE360317-B992-482B-9755-53B9AD842C39}"
EndProject
Project("{FAE04EC0-301F-11D3-BF4B-00C04F79EFBC}") = "R5T.D0084.Base", "R5T.D0084.Base\R5T.D0084.Base.csproj", "{1AEC7D02-4BB4-48BF-8312-E75AC50E3C53}"
EndProject
Project("{2150E333-8FDC-42A3-9474-1A3956D46DE8}") = "_Dependencies", "_Dependencies", "{EB48F6AA-FC3B-475A-BE7C-47119624E66D}"
EndProject
Project("{FAE04EC0-301F-11D3-BF4B-00C04F79EFBC}") = "R5T.Dacia.Extensions", "..\..\R5T.Dacia.Extensions\source\R5T.Dacia.Extensions\R5T.Dacia.Extensions.csproj", "{AC90367E-A199-4EFD-9C65-24A9C1563AC8}"
EndProject
Project("{FAE04EC0-301F-11D3-BF4B-00C04F79EFBC}") = "R5T.Dacia.T002", "..\..\R5T.Dacia\source\R5T.Dacia.T002\R5T.Dacia.T002.csproj", "{AE3D7B6F-35B1-4801-8C0C-F42E0E6A0339}"
EndProject
Global
	GlobalSection(SolutionConfigurationPlatforms) = preSolution
		Debug|Any CPU = Debug|Any CPU
		Debug|x64 = Debug|x64
		Debug|x86 = Debug|x86
		Release|Any CPU = Release|Any CPU
		Release|x64 = Release|x64
		Release|x86 = Release|x86
	EndGlobalSection
	GlobalSection(SolutionProperties) = preSolution
		HideSolutionNode = FALSE
	EndGlobalSection
	GlobalSection(ProjectConfigurationPlatforms) = postSolution
		{AE03D2A2-1262-4B55-92DD-A8DD7C26D80B}.Debug|Any CPU.ActiveCfg = Debug|Any CPU
		{AE03D2A2-1262-4B55-92DD-A8DD7C26D80B}.Debug|Any CPU.Build.0 = Debug|Any CPU
		{AE03D2A2-1262-4B55-92DD-A8DD7C26D80B}.Debug|x64.ActiveCfg = Debug|Any CPU
		{AE03D2A2-1262-4B55-92DD-A8DD7C26D80B}.Debug|x64.Build.0 = Debug|Any CPU
		{AE03D2A2-1262-4B55-92DD-A8DD7C26D80B}.Debug|x86.ActiveCfg = Debug|Any CPU
		{AE03D2A2-1262-4B55-92DD-A8DD7C26D80B}.Debug|x86.Build.0 = Debug|Any CPU
		{AE03D2A2-1262-4B55-92DD-A8DD7C26D80B}.Release|Any CPU.ActiveCfg = Release|Any CPU
		{AE03D2A2-1262-4B55-92DD-A8DD7C26D80B}.Release|Any CPU.Build.0 = Release|Any CPU
		{AE03D2A2-1262-4B55-92DD-A8DD7C26D80B}.Release|x64.ActiveCfg = Release|Any CPU
		{AE03D2A2-1262-4B55-92DD-A8DD7C26D80B}.Release|x64.Build.0 = Release|Any CPU
		{AE03D2A2-1262-4B55-92DD-A8DD7C26D80B}.Release|x86.ActiveCfg = Release|Any CPU
		{AE03D2A2-1262-4B55-92DD-A8DD7C26D80B}.Release|x86.Build.0 = Release|Any CPU
		{DE360317-B992-482B-9755-53B9AD842C39}.Debug|Any CPU.ActiveCfg = Debug|Any CPU
		{DE360317-B992-482B-9755-53B9AD842C39}.Debug|Any CPU.Build.0 = Debug|Any CPU
		{DE360317-B992-482B-9755-53B9AD842C39}.Debug|x64.ActiveCfg = Debug|Any CPU
		{DE360317-B992-482B-9755-53B9AD842C39}.Debug|x64.Build.0 = Debug|Any CPU
		{DE360317-B992-482B-9755-53B9AD842C39}.Debug|x86.ActiveCfg = Debug|Any CPU
		{DE360317-B992-482B-9755-53B9AD842C39}.Debug|x86.Build.0 = Debug|Any CPU
		{DE360317-B992-482B-9755-53B9AD842C39}.Release|Any CPU.ActiveCfg = Release|Any CPU
		{DE360317-B992-482B-9755-53B9AD842C39}.Release|Any CPU.Build.0 = Release|Any CPU
		{DE360317-B992-482B-9755-53B9AD842C39}.Release|x64.ActiveCfg = Release|Any CPU
		{DE360317-B992-482B-9755-53B9AD842C39}.Release|x64.Build.0 = Release|Any CPU
		{DE360317-B992-482B-9755-53B9AD842C39}.Release|x86.ActiveCfg = Release|Any CPU
		{DE360317-B992-482B-9755-53B9AD842C39}.Release|x86.Build.0 = Release|Any CPU
		{1AEC7D02-4BB4-48BF-8312-E75AC50E3C53}.Debug|Any CPU.ActiveCfg = Debug|Any CPU
		{1AEC7D02-4BB4-48BF-8312-E75AC50E3C53}.Debug|Any CPU.Build.0 = Debug|Any CPU
		{1AEC7D02-4BB4-48BF-8312-E75AC50E3C53}.Debug|x64.ActiveCfg = Debug|Any CPU
		{1AEC7D02-4BB4-48BF-8312-E75AC50E3C53}.Debug|x64.Build.0 = Debug|Any CPU
		{1AEC7D02-4BB4-48BF-8312-E75AC50E3C53}.Debug|x86.ActiveCfg = Debug|Any CPU
		{1AEC7D02-4BB4-48BF-8312-E75AC50E3C53}.Debug|x86.Build.0 = Debug|Any CPU
		{1AEC7D02-4BB4-48BF-8312-E75AC50E3C53}.Release|Any CPU.ActiveCfg = Release|Any CPU
		{1AEC7D02-4BB4-48BF-8312-E75AC50E3C53}.Release|Any CPU.Build.0 = Release|Any CPU
		{1AEC7D02-4BB4-48BF-8312-E75AC50E3C53}.Release|x64.ActiveCfg = Release|Any CPU
		{1AEC7D02-4BB4-48BF-8312-E75AC50E3C53}.Release|x64.Build.0 = Release|Any CPU
		{1AEC7D02-4BB4-48BF-8312-E75AC50E3C53}.Release|x86.ActiveCfg = Release|Any CPU
		{1AEC7D02-4BB4-48BF-8312-E75AC50E3C53}.Release|x86.Build.0 = Release|Any CPU
		{AC90367E-A199-4EFD-9C65-24A9C1563AC8}.Debug|Any CPU.ActiveCfg = Debug|Any CPU
		{AC90367E-A199-4EFD-9C65-24A9C1563AC8}.Debug|Any CPU.Build.0 = Debug|Any CPU
		{AC90367E-A199-4EFD-9C65-24A9C1563AC8}.Debug|x64.ActiveCfg = Debug|Any CPU
		{AC90367E-A199-4EFD-9C65-24A9C1563AC8}.Debug|x64.Build.0 = Debug|Any CPU
		{AC90367E-A199-4EFD-9C65-24A9C1563AC8}.Debug|x86.ActiveCfg = Debug|Any CPU
		{AC90367E-A199-4EFD-9C65-24A9C1563AC8}.Debug|x86.Build.0 = Debug|Any CPU
		{AC90367E-A199-4EFD-9C65-24A9C1563AC8}.Release|Any CPU.ActiveCfg = Release|Any CPU
		{AC90367E-A199-4EFD-9C65-24A9C1563AC8}.Release|Any CPU.Build.0 = Release|Any CPU
		{AC90367E-A199-4EFD-9C65-24A9C1563AC8}.Release|x64.ActiveCfg = Release|Any CPU
		{AC90367E-A199-4EFD-9C65-24A9C1563AC8}.Release|x64.Build.0 = Release|Any CPU
		{AC90367E-A199-4EFD-9C65-24A9C1563AC8}.Release|x86.ActiveCfg = Release|Any CPU
		{AC90367E-A199-4EFD-9C65-24A9C1563AC8}.Release|x86.Build.0 = Release|Any CPU
		{AE3D7B6F-35B1-4801-8C0C-F42E0E6A0339}.Debug|Any CPU.ActiveCfg = Debug|Any CPU
		{AE3D7B6F-35B1-4801-8C0C-F42E0E6A0339}.Debug|Any CPU.Build.0 = Debug|Any CPU
		{AE3D7B6F-35B1-4801-8C0C-F42E0E6A0339}.Debug|x64.ActiveCfg = Debug|Any CPU
		{AE3D7B6F-35B1-4801-8C0C-F42E0E6A0339}.Debug|x64.Build.0 = Debug|Any CPU
		{AE3D7B6F-35B1-4801-8C0C-F42E0E6A0339}.Debug|x86.ActiveCfg = Debug|Any CPU
		{AE3D7B6F-35B1-4801-8C0C-F42E0E6A0339}.Debug|x86.Build.0 = Debug|Any CPU
		{AE3D7B6F-35B1-4801-8C0C-F42E0E6A0339}.Release|Any CPU.ActiveCfg = Release|Any CPU
		{AE3D7B6F-35B1-4801-8C0C-F42E0E6A0339}.Release|Any CPU.Build.0 = Release|Any CPU
		{AE3D7B6F-35B1-4801-8C0C-F42E0E6A0339}.Release|x64.ActiveCfg = Release|Any CPU
		{AE3D7B6F-35B1-4801-8C0C-F42E0E6A0339}.Release|x64.Build.0 = Release|Any CPU
		{AE3D7B6F-35B1-4801-8C0C-F42E0E6A0339}.Release|x86.ActiveCfg = Release|Any CPU
		{AE3D7B6F-35B1-4801-8C0C-F42E0E6A0339}.Release|x86.Build.0 = Release|Any CPU
	EndGlobalSection
	GlobalSection(NestedProjects) = preSolution
		{AC90367E-A199-4EFD-9C65-24A9C1563AC8} = {EB48F6AA-FC3B-475A-BE7C-47119624E66D}
		{AE3D7B6F-35B1-4801-8C0C-F42E0E6A0339} = {EB48F6AA-FC3B-475A-BE7C-47119624E66D}
	EndGlobalSection
EndGlobal
