
Microsoft Visual Studio Solution File, Format Version 12.00
# Visual Studio Version 16
VisualStudioVersion = 16.6.30114.105
MinimumVisualStudioVersion = 10.0.40219.1
Project("{FAE04EC0-301F-11D3-BF4B-00C04F79EFBC}") = "R5T.D0084.Construction", "R5T.D0084.Construction\R5T.D0084.Construction.csproj", "{631D470F-71C2-4599-80DE-330DE9D8CE7E}"
EndProject
Project("{2150E333-8FDC-42A3-9474-1A3956D46DE8}") = "_Dependencies", "_Dependencies", "{01624A45-79BB-4B66-A732-8BE1F268128F}"
EndProject
Project("{FAE04EC0-301F-11D3-BF4B-00C04F79EFBC}") = "R5T.Plymouth.ProgramAsAService", "..\..\R5T.Plymouth\source\R5T.Plymouth.ProgramAsAService\R5T.Plymouth.ProgramAsAService.csproj", "{08BC7AFB-3876-492C-9993-FF0B7C964D89}"
EndProject
Project("{FAE04EC0-301F-11D3-BF4B-00C04F79EFBC}") = "R5T.T0027.T009", "..\..\R5T.T0027\source\R5T.T0027.T009\R5T.T0027.T009.csproj", "{86A2D910-43A2-462A-B3D5-F55BCE3B6072}"
EndProject
Project("{FAE04EC0-301F-11D3-BF4B-00C04F79EFBC}") = "R5T.D0084.I001", "R5T.D0084.I001\R5T.D0084.I001.csproj", "{00407606-FE39-44F4-B78E-B300BEAA7C0B}"
EndProject
Project("{FAE04EC0-301F-11D3-BF4B-00C04F79EFBC}") = "R5T.D0084.Base", "R5T.D0084.Base\R5T.D0084.Base.csproj", "{8C85666A-5862-47C1-A091-B3ABCB0B3B45}"
EndProject
Project("{FAE04EC0-301F-11D3-BF4B-00C04F79EFBC}") = "R5T.Dacia.Extensions", "..\..\R5T.Dacia.Extensions\source\R5T.Dacia.Extensions\R5T.Dacia.Extensions.csproj", "{1A1607D1-FB73-48DD-9ACE-15C66FAC2F49}"
EndProject
Project("{FAE04EC0-301F-11D3-BF4B-00C04F79EFBC}") = "R5T.Dacia.T002", "..\..\R5T.Dacia\source\R5T.Dacia.T002\R5T.Dacia.T002.csproj", "{EA863BB7-7D76-45E3-9AB3-F6B17C25EB8C}"
EndProject
Global
	GlobalSection(SolutionConfigurationPlatforms) = preSolution
		Debug|Any CPU = Debug|Any CPU
		Debug|x64 = Debug|x64
		Debug|x86 = Debug|x86
		Release|Any CPU = Release|Any CPU
		Release|x64 = Release|x64
		Release|x86 = Release|x86
	EndGlobalSection
	GlobalSection(SolutionProperties) = preSolution
		HideSolutionNode = FALSE
	EndGlobalSection
	GlobalSection(ProjectConfigurationPlatforms) = postSolution
		{631D470F-71C2-4599-80DE-330DE9D8CE7E}.Debug|Any CPU.ActiveCfg = Debug|Any CPU
		{631D470F-71C2-4599-80DE-330DE9D8CE7E}.Debug|Any CPU.Build.0 = Debug|Any CPU
		{631D470F-71C2-4599-80DE-330DE9D8CE7E}.Debug|x64.ActiveCfg = Debug|Any CPU
		{631D470F-71C2-4599-80DE-330DE9D8CE7E}.Debug|x64.Build.0 = Debug|Any CPU
		{631D470F-71C2-4599-80DE-330DE9D8CE7E}.Debug|x86.ActiveCfg = Debug|Any CPU
		{631D470F-71C2-4599-80DE-330DE9D8CE7E}.Debug|x86.Build.0 = Debug|Any CPU
		{631D470F-71C2-4599-80DE-330DE9D8CE7E}.Release|Any CPU.ActiveCfg = Release|Any CPU
		{631D470F-71C2-4599-80DE-330DE9D8CE7E}.Release|Any CPU.Build.0 = Release|Any CPU
		{631D470F-71C2-4599-80DE-330DE9D8CE7E}.Release|x64.ActiveCfg = Release|Any CPU
		{631D470F-71C2-4599-80DE-330DE9D8CE7E}.Release|x64.Build.0 = Release|Any CPU
		{631D470F-71C2-4599-80DE-330DE9D8CE7E}.Release|x86.ActiveCfg = Release|Any CPU
		{631D470F-71C2-4599-80DE-330DE9D8CE7E}.Release|x86.Build.0 = Release|Any CPU
		{08BC7AFB-3876-492C-9993-FF0B7C964D89}.Debug|Any CPU.ActiveCfg = Debug|Any CPU
		{08BC7AFB-3876-492C-9993-FF0B7C964D89}.Debug|Any CPU.Build.0 = Debug|Any CPU
		{08BC7AFB-3876-492C-9993-FF0B7C964D89}.Debug|x64.ActiveCfg = Debug|Any CPU
		{08BC7AFB-3876-492C-9993-FF0B7C964D89}.Debug|x64.Build.0 = Debug|Any CPU
		{08BC7AFB-3876-492C-9993-FF0B7C964D89}.Debug|x86.ActiveCfg = Debug|Any CPU
		{08BC7AFB-3876-492C-9993-FF0B7C964D89}.Debug|x86.Build.0 = Debug|Any CPU
		{08BC7AFB-3876-492C-9993-FF0B7C964D89}.Release|Any CPU.ActiveCfg = Release|Any CPU
		{08BC7AFB-3876-492C-9993-FF0B7C964D89}.Release|Any CPU.Build.0 = Release|Any CPU
		{08BC7AFB-3876-492C-9993-FF0B7C964D89}.Release|x64.ActiveCfg = Release|Any CPU
		{08BC7AFB-3876-492C-9993-FF0B7C964D89}.Release|x64.Build.0 = Release|Any CPU
		{08BC7AFB-3876-492C-9993-FF0B7C964D89}.Release|x86.ActiveCfg = Release|Any CPU
		{08BC7AFB-3876-492C-9993-FF0B7C964D89}.Release|x86.Build.0 = Release|Any CPU
		{86A2D910-43A2-462A-B3D5-F55BCE3B6072}.Debug|Any CPU.ActiveCfg = Debug|Any CPU
		{86A2D910-43A2-462A-B3D5-F55BCE3B6072}.Debug|Any CPU.Build.0 = Debug|Any CPU
		{86A2D910-43A2-462A-B3D5-F55BCE3B6072}.Debug|x64.ActiveCfg = Debug|Any CPU
		{86A2D910-43A2-462A-B3D5-F55BCE3B6072}.Debug|x64.Build.0 = Debug|Any CPU
		{86A2D910-43A2-462A-B3D5-F55BCE3B6072}.Debug|x86.ActiveCfg = Debug|Any CPU
		{86A2D910-43A2-462A-B3D5-F55BCE3B6072}.Debug|x86.Build.0 = Debug|Any CPU
		{86A2D910-43A2-462A-B3D5-F55BCE3B6072}.Release|Any CPU.ActiveCfg = Release|Any CPU
		{86A2D910-43A2-462A-B3D5-F55BCE3B6072}.Release|Any CPU.Build.0 = Release|Any CPU
		{86A2D910-43A2-462A-B3D5-F55BCE3B6072}.Release|x64.ActiveCfg = Release|Any CPU
		{86A2D910-43A2-462A-B3D5-F55BCE3B6072}.Release|x64.Build.0 = Release|Any CPU
		{86A2D910-43A2-462A-B3D5-F55BCE3B6072}.Release|x86.ActiveCfg = Release|Any CPU
		{86A2D910-43A2-462A-B3D5-F55BCE3B6072}.Release|x86.Build.0 = Release|Any CPU
		{00407606-FE39-44F4-B78E-B300BEAA7C0B}.Debug|Any CPU.ActiveCfg = Debug|Any CPU
		{00407606-FE39-44F4-B78E-B300BEAA7C0B}.Debug|Any CPU.Build.0 = Debug|Any CPU
		{00407606-FE39-44F4-B78E-B300BEAA7C0B}.Debug|x64.ActiveCfg = Debug|Any CPU
		{00407606-FE39-44F4-B78E-B300BEAA7C0B}.Debug|x64.Build.0 = Debug|Any CPU
		{00407606-FE39-44F4-B78E-B300BEAA7C0B}.Debug|x86.ActiveCfg = Debug|Any CPU
		{00407606-FE39-44F4-B78E-B300BEAA7C0B}.Debug|x86.Build.0 = Debug|Any CPU
		{00407606-FE39-44F4-B78E-B300BEAA7C0B}.Release|Any CPU.ActiveCfg = Release|Any CPU
		{00407606-FE39-44F4-B78E-B300BEAA7C0B}.Release|Any CPU.Build.0 = Release|Any CPU
		{00407606-FE39-44F4-B78E-B300BEAA7C0B}.Release|x64.ActiveCfg = Release|Any CPU
		{00407606-FE39-44F4-B78E-B300BEAA7C0B}.Release|x64.Build.0 = Release|Any CPU
		{00407606-FE39-44F4-B78E-B300BEAA7C0B}.Release|x86.ActiveCfg = Release|Any CPU
		{00407606-FE39-44F4-B78E-B300BEAA7C0B}.Release|x86.Build.0 = Release|Any CPU
		{8C85666A-5862-47C1-A091-B3ABCB0B3B45}.Debug|Any CPU.ActiveCfg = Debug|Any CPU
		{8C85666A-5862-47C1-A091-B3ABCB0B3B45}.Debug|Any CPU.Build.0 = Debug|Any CPU
		{8C85666A-5862-47C1-A091-B3ABCB0B3B45}.Debug|x64.ActiveCfg = Debug|Any CPU
		{8C85666A-5862-47C1-A091-B3ABCB0B3B45}.Debug|x64.Build.0 = Debug|Any CPU
		{8C85666A-5862-47C1-A091-B3ABCB0B3B45}.Debug|x86.ActiveCfg = Debug|Any CPU
		{8C85666A-5862-47C1-A091-B3ABCB0B3B45}.Debug|x86.Build.0 = Debug|Any CPU
		{8C85666A-5862-47C1-A091-B3ABCB0B3B45}.Release|Any CPU.ActiveCfg = Release|Any CPU
		{8C85666A-5862-47C1-A091-B3ABCB0B3B45}.Release|Any CPU.Build.0 = Release|Any CPU
		{8C85666A-5862-47C1-A091-B3ABCB0B3B45}.Release|x64.ActiveCfg = Release|Any CPU
		{8C85666A-5862-47C1-A091-B3ABCB0B3B45}.Release|x64.Build.0 = Release|Any CPU
		{8C85666A-5862-47C1-A091-B3ABCB0B3B45}.Release|x86.ActiveCfg = Release|Any CPU
		{8C85666A-5862-47C1-A091-B3ABCB0B3B45}.Release|x86.Build.0 = Release|Any CPU
		{1A1607D1-FB73-48DD-9ACE-15C66FAC2F49}.Debug|Any CPU.ActiveCfg = Debug|Any CPU
		{1A1607D1-FB73-48DD-9ACE-15C66FAC2F49}.Debug|Any CPU.Build.0 = Debug|Any CPU
		{1A1607D1-FB73-48DD-9ACE-15C66FAC2F49}.Debug|x64.ActiveCfg = Debug|Any CPU
		{1A1607D1-FB73-48DD-9ACE-15C66FAC2F49}.Debug|x64.Build.0 = Debug|Any CPU
		{1A1607D1-FB73-48DD-9ACE-15C66FAC2F49}.Debug|x86.ActiveCfg = Debug|Any CPU
		{1A1607D1-FB73-48DD-9ACE-15C66FAC2F49}.Debug|x86.Build.0 = Debug|Any CPU
		{1A1607D1-FB73-48DD-9ACE-15C66FAC2F49}.Release|Any CPU.ActiveCfg = Release|Any CPU
		{1A1607D1-FB73-48DD-9ACE-15C66FAC2F49}.Release|Any CPU.Build.0 = Release|Any CPU
		{1A1607D1-FB73-48DD-9ACE-15C66FAC2F49}.Release|x64.ActiveCfg = Release|Any CPU
		{1A1607D1-FB73-48DD-9ACE-15C66FAC2F49}.Release|x64.Build.0 = Release|Any CPU
		{1A1607D1-FB73-48DD-9ACE-15C66FAC2F49}.Release|x86.ActiveCfg = Release|Any CPU
		{1A1607D1-FB73-48DD-9ACE-15C66FAC2F49}.Release|x86.Build.0 = Release|Any CPU
		{EA863BB7-7D76-45E3-9AB3-F6B17C25EB8C}.Debug|Any CPU.ActiveCfg = Debug|Any CPU
		{EA863BB7-7D76-45E3-9AB3-F6B17C25EB8C}.Debug|Any CPU.Build.0 = Debug|Any CPU
		{EA863BB7-7D76-45E3-9AB3-F6B17C25EB8C}.Debug|x64.ActiveCfg = Debug|Any CPU
		{EA863BB7-7D76-45E3-9AB3-F6B17C25EB8C}.Debug|x64.Build.0 = Debug|Any CPU
		{EA863BB7-7D76-45E3-9AB3-F6B17C25EB8C}.Debug|x86.ActiveCfg = Debug|Any CPU
		{EA863BB7-7D76-45E3-9AB3-F6B17C25EB8C}.Debug|x86.Build.0 = Debug|Any CPU
		{EA863BB7-7D76-45E3-9AB3-F6B17C25EB8C}.Release|Any CPU.ActiveCfg = Release|Any CPU
		{EA863BB7-7D76-45E3-9AB3-F6B17C25EB8C}.Release|Any CPU.Build.0 = Release|Any CPU
		{EA863BB7-7D76-45E3-9AB3-F6B17C25EB8C}.Release|x64.ActiveCfg = Release|Any CPU
		{EA863BB7-7D76-45E3-9AB3-F6B17C25EB8C}.Release|x64.Build.0 = Release|Any CPU
		{EA863BB7-7D76-45E3-9AB3-F6B17C25EB8C}.Release|x86.ActiveCfg = Release|Any CPU
		{EA863BB7-7D76-45E3-9AB3-F6B17C25EB8C}.Release|x86.Build.0 = Release|Any CPU
	EndGlobalSection
	GlobalSection(NestedProjects) = preSolution
		{08BC7AFB-3876-492C-9993-FF0B7C964D89} = {01624A45-79BB-4B66-A732-8BE1F268128F}
		{86A2D910-43A2-462A-B3D5-F55BCE3B6072} = {01624A45-79BB-4B66-A732-8BE1F268128F}
		{1A1607D1-FB73-48DD-9ACE-15C66FAC2F49} = {01624A45-79BB-4B66-A732-8BE1F268128F}
		{EA863BB7-7D76-45E3-9AB3-F6B17C25EB8C} = {01624A45-79BB-4B66-A732-8BE1F268128F}
	EndGlobalSection
EndGlobal
